// !$*UTF8*$!
{
	archiveVersion = 1;
	classes = {
	};
	objectVersion = 50;
	objects = {

/* Begin PBXBuildFile section */
		0925FB382373F13000874DAA /* CustomMainView.swift in Sources */ = {isa = PBXBuildFile; fileRef = 0925FB372373F13000874DAA /* CustomMainView.swift */; };
		0925FB4023740E1C00874DAA /* DonateTableViewCell.swift in Sources */ = {isa = PBXBuildFile; fileRef = 0925FB3E23740E1C00874DAA /* DonateTableViewCell.swift */; };
		0925FB4123740E1C00874DAA /* DonateTableViewCell.xib in Resources */ = {isa = PBXBuildFile; fileRef = 0925FB3F23740E1C00874DAA /* DonateTableViewCell.xib */; };
		094B6EDA237EC7D300716862 /* Helper.swift in Sources */ = {isa = PBXBuildFile; fileRef = 094B6ED9237EC7D300716862 /* Helper.swift */; };
		094B6EDD238044D300716862 /* Steps.swift in Sources */ = {isa = PBXBuildFile; fileRef = 094B6EDC238044D300716862 /* Steps.swift */; };
		098FD4752372C91E00AF7EC7 /* CustomButtonSubmitRounded.swift in Sources */ = {isa = PBXBuildFile; fileRef = 098FD4742372C91E00AF7EC7 /* CustomButtonSubmitRounded.swift */; };
		098FD4772372C95900AF7EC7 /* CustomViewRounded.swift in Sources */ = {isa = PBXBuildFile; fileRef = 098FD4762372C95900AF7EC7 /* CustomViewRounded.swift */; };
		09DC193A23754BCD004BEFB5 /* DonateModel.swift in Sources */ = {isa = PBXBuildFile; fileRef = 09DC193923754BCD004BEFB5 /* DonateModel.swift */; };
		AB1CD2D4237C198300CB3C56 /* Onboarding.storyboard in Resources */ = {isa = PBXBuildFile; fileRef = AB1CD2D3237C198300CB3C56 /* Onboarding.storyboard */; };
		AB498AC3237D735F006CDA7A /* Page1OnboardViewController.swift in Sources */ = {isa = PBXBuildFile; fileRef = AB498AC2237D735F006CDA7A /* Page1OnboardViewController.swift */; };
		AB498AC5237D73E7006CDA7A /* Page2OnboardViewController.swift in Sources */ = {isa = PBXBuildFile; fileRef = AB498AC4237D73E7006CDA7A /* Page2OnboardViewController.swift */; };
		AB498AC7237D743D006CDA7A /* Page3OnboardViewController.swift in Sources */ = {isa = PBXBuildFile; fileRef = AB498AC6237D743D006CDA7A /* Page3OnboardViewController.swift */; };
		AB498AC9237D74D2006CDA7A /* Page4OnboardViewController.swift in Sources */ = {isa = PBXBuildFile; fileRef = AB498AC8237D74D2006CDA7A /* Page4OnboardViewController.swift */; };
		AB498ACD237E8A95006CDA7A /* CloudKit.framework in Frameworks */ = {isa = PBXBuildFile; fileRef = AB498ACC237E8A95006CDA7A /* CloudKit.framework */; };
		AB4BD9AC237599870016DDF1 /* OnboardingViewController.swift in Sources */ = {isa = PBXBuildFile; fileRef = AB4BD9AB237599870016DDF1 /* OnboardingViewController.swift */; };
		AB7357862374309E00A6099B /* CustomSegmentedController.swift in Sources */ = {isa = PBXBuildFile; fileRef = AB7357852374309E00A6099B /* CustomSegmentedController.swift */; };
		AB73578E2374310600A6099B /* Profile.swift in Sources */ = {isa = PBXBuildFile; fileRef = AB73578D2374310600A6099B /* Profile.swift */; };
		AB7357912374311400A6099B /* ProfileController+UITableView.swift in Sources */ = {isa = PBXBuildFile; fileRef = AB73578F2374311400A6099B /* ProfileController+UITableView.swift */; };
		AB7357922374311400A6099B /* ProfileController.swift in Sources */ = {isa = PBXBuildFile; fileRef = AB7357902374311400A6099B /* ProfileController.swift */; };
		AB7357962374313500A6099B /* FirstCell.swift in Sources */ = {isa = PBXBuildFile; fileRef = AB7357932374313500A6099B /* FirstCell.swift */; };
		AB7357972374313500A6099B /* SecondCell.swift in Sources */ = {isa = PBXBuildFile; fileRef = AB7357942374313500A6099B /* SecondCell.swift */; };
		AB7357982374313500A6099B /* ThirdCell.swift in Sources */ = {isa = PBXBuildFile; fileRef = AB7357952374313500A6099B /* ThirdCell.swift */; };
		AB73579A2374316900A6099B /* Profile.storyboard in Resources */ = {isa = PBXBuildFile; fileRef = AB7357992374316900A6099B /* Profile.storyboard */; };
		B0B1686F237BE7E5001DCE3C /* Information.storyboard in Resources */ = {isa = PBXBuildFile; fileRef = B0B1686E237BE7E5001DCE3C /* Information.storyboard */; };
		B0B16871237BE840001DCE3C /* InformationController.swift in Sources */ = {isa = PBXBuildFile; fileRef = B0B16870237BE840001DCE3C /* InformationController.swift */; };
		B0B16875237BEA7C001DCE3C /* InformationCustomCell.xib in Resources */ = {isa = PBXBuildFile; fileRef = B0B16874237BEA7C001DCE3C /* InformationCustomCell.xib */; };
		B0B16877237BED39001DCE3C /* InformationTableViewCell.swift in Sources */ = {isa = PBXBuildFile; fileRef = B0B16876237BED39001DCE3C /* InformationTableViewCell.swift */; };
		B0B16879237BEF7C001DCE3C /* InformationController+UITableView.swift in Sources */ = {isa = PBXBuildFile; fileRef = B0B16878237BEF7C001DCE3C /* InformationController+UITableView.swift */; };
		B0B1687B237BF250001DCE3C /* InfoItem.swift in Sources */ = {isa = PBXBuildFile; fileRef = B0B1687A237BF250001DCE3C /* InfoItem.swift */; };
		B0B16880237D3A5F001DCE3C /* FormCustomCell.xib in Resources */ = {isa = PBXBuildFile; fileRef = B0B1687F237D3A5F001DCE3C /* FormCustomCell.xib */; };
		B0B16882237D3E61001DCE3C /* FormTableViewCell.swift in Sources */ = {isa = PBXBuildFile; fileRef = B0B16881237D3E61001DCE3C /* FormTableViewCell.swift */; };
		B0B16888237D44A8001DCE3C /* LoginController.swift in Sources */ = {isa = PBXBuildFile; fileRef = B0B16887237D44A8001DCE3C /* LoginController.swift */; };
		B0B1688A237D473D001DCE3C /* LoginController+UITableView.swift in Sources */ = {isa = PBXBuildFile; fileRef = B0B16889237D473D001DCE3C /* LoginController+UITableView.swift */; };
		B0B1688C237D487A001DCE3C /* FormItems.swift in Sources */ = {isa = PBXBuildFile; fileRef = B0B1688B237D487A001DCE3C /* FormItems.swift */; };
		B0B1688E237D4BF9001DCE3C /* LoginController+CellDelegate.swift in Sources */ = {isa = PBXBuildFile; fileRef = B0B1688D237D4BF9001DCE3C /* LoginController+CellDelegate.swift */; };
		B0B16890237D6025001DCE3C /* Register.storyboard in Resources */ = {isa = PBXBuildFile; fileRef = B0B1688F237D6025001DCE3C /* Register.storyboard */; };
		B0B16892237D6049001DCE3C /* RegisterController.swift in Sources */ = {isa = PBXBuildFile; fileRef = B0B16891237D6049001DCE3C /* RegisterController.swift */; };
		B0B16894237D62ED001DCE3C /* RegisterController+UITableView.swift in Sources */ = {isa = PBXBuildFile; fileRef = B0B16893237D62ED001DCE3C /* RegisterController+UITableView.swift */; };
		B0B16896237D636E001DCE3C /* RegisterController+CellDelegate.swift in Sources */ = {isa = PBXBuildFile; fileRef = B0B16895237D636E001DCE3C /* RegisterController+CellDelegate.swift */; };
		B0B16898237D658B001DCE3C /* RegisterDetailController.swift in Sources */ = {isa = PBXBuildFile; fileRef = B0B16897237D658B001DCE3C /* RegisterDetailController.swift */; };
		B0B1689A237D65B8001DCE3C /* RegisterDetailController+UITableView.swift in Sources */ = {isa = PBXBuildFile; fileRef = B0B16899237D65B8001DCE3C /* RegisterDetailController+UITableView.swift */; };
		B0B168A0237D660A001DCE3C /* RegisterDetailController+CellDelegate.swift in Sources */ = {isa = PBXBuildFile; fileRef = B0B1689F237D660A001DCE3C /* RegisterDetailController+CellDelegate.swift */; };
		B0B168A2237D6630001DCE3C /* RegisterDetail.storyboard in Resources */ = {isa = PBXBuildFile; fileRef = B0B168A1237D6630001DCE3C /* RegisterDetail.storyboard */; };
		B0B168AC237ECE83001DCE3C /* ButtonViewCell.xib in Resources */ = {isa = PBXBuildFile; fileRef = B0B168AB237ECE83001DCE3C /* ButtonViewCell.xib */; };
		B0B168AE237ECEAC001DCE3C /* TwoButtonCell.xib in Resources */ = {isa = PBXBuildFile; fileRef = B0B168AD237ECEAC001DCE3C /* TwoButtonCell.xib */; };
		B0B168B0237ECED0001DCE3C /* AgreementViewCell.xib in Resources */ = {isa = PBXBuildFile; fileRef = B0B168AF237ECED0001DCE3C /* AgreementViewCell.xib */; };
		B0FF322523829ABA0001C0F5 /* ButtonTableViewCell.swift in Sources */ = {isa = PBXBuildFile; fileRef = B0FF322423829ABA0001C0F5 /* ButtonTableViewCell.swift */; };
		B0FF322723829B230001C0F5 /* AgreementTableViewCell.swift in Sources */ = {isa = PBXBuildFile; fileRef = B0FF322623829B230001C0F5 /* AgreementTableViewCell.swift */; };
		B0FF322923829B580001C0F5 /* TwoButtonTableViewCell.swift in Sources */ = {isa = PBXBuildFile; fileRef = B0FF322823829B580001C0F5 /* TwoButtonTableViewCell.swift */; };
		CC25B5192383DEE800C381D7 /* String + Converter.swift in Sources */ = {isa = PBXBuildFile; fileRef = CC25B5182383DEE800C381D7 /* String + Converter.swift */; };
		B0FF322B23829CC50001C0F5 /* UserModel.swift in Sources */ = {isa = PBXBuildFile; fileRef = B0FF322A23829CC50001C0F5 /* UserModel.swift */; };
		CC654064238193B8005BE635 /* UIDatePicker + Styling.swift in Sources */ = {isa = PBXBuildFile; fileRef = CC654063238193B8005BE635 /* UIDatePicker + Styling.swift */; };
		CC6DF683237C2AFF00F99B5D /* RequestStepsPageViewController.swift in Resources */ = {isa = PBXBuildFile; fileRef = CCAAE4F9237C205900BEFB44 /* RequestStepsPageViewController.swift */; };
		CC6DF685237C2CB200F99B5D /* UTDDonorTableViewController.swift in Sources */ = {isa = PBXBuildFile; fileRef = CC6DF684237C2CB100F99B5D /* UTDDonorTableViewController.swift */; };
		CC88A08623749D16001A982E /* FindBloodCustomCell.xib in Resources */ = {isa = PBXBuildFile; fileRef = CC88A08123749D16001A982E /* FindBloodCustomCell.xib */; };
		CC88A08823749D16001A982E /* FindBloodCustomCell.swift in Sources */ = {isa = PBXBuildFile; fileRef = CC88A08323749D16001A982E /* FindBloodCustomCell.swift */; };
		CC922ED62381633400044B24 /* SecondStepRVC + Delegates.swift in Sources */ = {isa = PBXBuildFile; fileRef = CC922ED52381633400044B24 /* SecondStepRVC + Delegates.swift */; };
		CCAAE4EB237C1FF700BEFB44 /* RequestStepsPageViewController.storyboard in Resources */ = {isa = PBXBuildFile; fileRef = CCAAE4EA237C1FF700BEFB44 /* RequestStepsPageViewController.storyboard */; };
		CCAAE4FD237C205900BEFB44 /* FourthStepRequestViewController.swift in Sources */ = {isa = PBXBuildFile; fileRef = CCAAE4F6237C205900BEFB44 /* FourthStepRequestViewController.swift */; };
		CCAAE4FF237C205900BEFB44 /* FirstStepRequestViewController.swift in Sources */ = {isa = PBXBuildFile; fileRef = CCAAE4F8237C205900BEFB44 /* FirstStepRequestViewController.swift */; };
		CCAAE500237C205900BEFB44 /* RequestStepsPageViewController.swift in Sources */ = {isa = PBXBuildFile; fileRef = CCAAE4F9237C205900BEFB44 /* RequestStepsPageViewController.swift */; };
		CCAAE501237C205900BEFB44 /* SecondStepRequestViewController.swift in Sources */ = {isa = PBXBuildFile; fileRef = CCAAE4FA237C205900BEFB44 /* SecondStepRequestViewController.swift */; };
		CCAAE502237C205900BEFB44 /* ThirdStepRequestViewController.swift in Sources */ = {isa = PBXBuildFile; fileRef = CCAAE4FB237C205900BEFB44 /* ThirdStepRequestViewController.swift */; };
		CCAAE503237C205900BEFB44 /* FifthStepRequestViewController.swift in Sources */ = {isa = PBXBuildFile; fileRef = CCAAE4FC237C205900BEFB44 /* FifthStepRequestViewController.swift */; };
		CCAAE505237C206000BEFB44 /* RequestStepsRequestModel.swift in Sources */ = {isa = PBXBuildFile; fileRef = CCAAE504237C206000BEFB44 /* RequestStepsRequestModel.swift */; };
		CCBEC20323829CBB004AC408 /* Helper + DatabaseModel.swift in Sources */ = {isa = PBXBuildFile; fileRef = CCBEC20223829CBB004AC408 /* Helper + DatabaseModel.swift */; };
		CCBEC2052382DE18004AC408 /* CKRecord + Converter.swift in Sources */ = {isa = PBXBuildFile; fileRef = CCBEC2042382DE18004AC408 /* CKRecord + Converter.swift */; };
		E62918EB237C6A2800E8D559 /* CheckboxAgreementCell.swift in Sources */ = {isa = PBXBuildFile; fileRef = E62918EA237C6A2800E8D559 /* CheckboxAgreementCell.swift */; };
		E62918ED237CFC0F00E8D559 /* CheckBox.swift in Sources */ = {isa = PBXBuildFile; fileRef = E62918EC237CFC0F00E8D559 /* CheckBox.swift */; };
		E62918EF237D2DAD00E8D559 /* PickPictureCell.swift in Sources */ = {isa = PBXBuildFile; fileRef = E62918EE237D2DAD00E8D559 /* PickPictureCell.swift */; };
		E62918F1237E437E00E8D559 /* AddEventController+UITableView.swift in Sources */ = {isa = PBXBuildFile; fileRef = E62918F0237E437E00E8D559 /* AddEventController+UITableView.swift */; };
		E62918F3237E43C300E8D559 /* AddEventController+UIImagePickerDelegate.swift in Sources */ = {isa = PBXBuildFile; fileRef = E62918F2237E43C300E8D559 /* AddEventController+UIImagePickerDelegate.swift */; };
		E62918F5237E43F100E8D559 /* AddEventController+Delegate.swift in Sources */ = {isa = PBXBuildFile; fileRef = E62918F4237E43F100E8D559 /* AddEventController+Delegate.swift */; };
		E62918FA237EBBDE00E8D559 /* Form.storyboard in Resources */ = {isa = PBXBuildFile; fileRef = E62918F9237EBBDE00E8D559 /* Form.storyboard */; };
		E62918FC237EBBF600E8D559 /* FormController.swift in Sources */ = {isa = PBXBuildFile; fileRef = E62918FB237EBBF600E8D559 /* FormController.swift */; };
		E62918FE237EC54500E8D559 /* LabelAndTextCell.swift in Sources */ = {isa = PBXBuildFile; fileRef = E62918FD237EC54500E8D559 /* LabelAndTextCell.swift */; };
		E6291900237EC9E400E8D559 /* FormController+UITableView.swift in Sources */ = {isa = PBXBuildFile; fileRef = E62918FF237EC9E400E8D559 /* FormController+UITableView.swift */; };
		E6291902237ED10800E8D559 /* LabelAndSwitchCell.swift in Sources */ = {isa = PBXBuildFile; fileRef = E6291901237ED10800E8D559 /* LabelAndSwitchCell.swift */; };
		E6291905237F102000E8D559 /* FormQuestionNameModel.swift in Sources */ = {isa = PBXBuildFile; fileRef = E6291904237F102000E8D559 /* FormQuestionNameModel.swift */; };
		E6291907237FCCEC00E8D559 /* FormController+Delegate.swift in Sources */ = {isa = PBXBuildFile; fileRef = E6291906237FCCEC00E8D559 /* FormController+Delegate.swift */; };
		E629190B2380414B00E8D559 /* LongLabelAndTextCell.swift in Sources */ = {isa = PBXBuildFile; fileRef = E629190A2380414B00E8D559 /* LongLabelAndTextCell.swift */; };
		E629190D2380593D00E8D559 /* FindController+Delegate.swift in Sources */ = {isa = PBXBuildFile; fileRef = E629190C2380593D00E8D559 /* FindController+Delegate.swift */; };
		E629190F23805E2500E8D559 /* FormController+UIPickerView.swift in Sources */ = {isa = PBXBuildFile; fileRef = E629190E23805E2500E8D559 /* FormController+UIPickerView.swift */; };
		E6AC8D43237B29DF00820100 /* TrackerController+UITableView.swift in Sources */ = {isa = PBXBuildFile; fileRef = E6AC8D3A237B29DF00820100 /* TrackerController+UITableView.swift */; };
		E6AC8D44237B29DF00820100 /* TrackerController.swift in Sources */ = {isa = PBXBuildFile; fileRef = E6AC8D3B237B29DF00820100 /* TrackerController.swift */; };
		E6AC8D45237B29DF00820100 /* TrackerController + TrackerCellDelegate.swift in Sources */ = {isa = PBXBuildFile; fileRef = E6AC8D3C237B29DF00820100 /* TrackerController + TrackerCellDelegate.swift */; };
		E6AC8D46237B29DF00820100 /* TrackerDonor.swift in Sources */ = {isa = PBXBuildFile; fileRef = E6AC8D3E237B29DF00820100 /* TrackerDonor.swift */; };
		E6AC8D47237B29DF00820100 /* TrackerDonorTableViewCell.swift in Sources */ = {isa = PBXBuildFile; fileRef = E6AC8D40237B29DF00820100 /* TrackerDonorTableViewCell.swift */; };
		E6AC8D48237B29DF00820100 /* TrackerDonorTableViewCell.xib in Resources */ = {isa = PBXBuildFile; fileRef = E6AC8D41237B29DF00820100 /* TrackerDonorTableViewCell.xib */; };
		E6AC8D49237B29DF00820100 /* Tracker.storyboard in Resources */ = {isa = PBXBuildFile; fileRef = E6AC8D42237B29DF00820100 /* Tracker.storyboard */; };
		E6AC8D4B237B2A4100820100 /* FixImageOrientation.swift in Sources */ = {isa = PBXBuildFile; fileRef = E6AC8D4A237B2A4100820100 /* FixImageOrientation.swift */; };
		E6BA6E38237B1E080017A330 /* InfoTableViewCell+UITableView.swift in Sources */ = {isa = PBXBuildFile; fileRef = E6BA6E29237B1E080017A330 /* InfoTableViewCell+UITableView.swift */; };
		E6BA6E39237B1E080017A330 /* EventTableViewCell+UICollectionView.swift in Sources */ = {isa = PBXBuildFile; fileRef = E6BA6E2A237B1E080017A330 /* EventTableViewCell+UICollectionView.swift */; };
		E6BA6E3A237B1E080017A330 /* DiscoverController+UITableView.swift in Sources */ = {isa = PBXBuildFile; fileRef = E6BA6E2B237B1E080017A330 /* DiscoverController+UITableView.swift */; };
		E6BA6E3B237B1E080017A330 /* DiscoverController.swift in Sources */ = {isa = PBXBuildFile; fileRef = E6BA6E2C237B1E080017A330 /* DiscoverController.swift */; };
		E6BA6E3C237B1E080017A330 /* EventModel.swift in Sources */ = {isa = PBXBuildFile; fileRef = E6BA6E2E237B1E080017A330 /* EventModel.swift */; };
		E6BA6E3D237B1E080017A330 /* InfoModel.swift in Sources */ = {isa = PBXBuildFile; fileRef = E6BA6E2F237B1E080017A330 /* InfoModel.swift */; };
		E6BA6E3E237B1E080017A330 /* InfoInsideTableViewCell.swift in Sources */ = {isa = PBXBuildFile; fileRef = E6BA6E32237B1E080017A330 /* InfoInsideTableViewCell.swift */; };
		E6BA6E3F237B1E080017A330 /* InfoTableViewCell.swift in Sources */ = {isa = PBXBuildFile; fileRef = E6BA6E33237B1E080017A330 /* InfoTableViewCell.swift */; };
		E6BA6E40237B1E080017A330 /* AddEventCollectionViewCell.swift in Sources */ = {isa = PBXBuildFile; fileRef = E6BA6E35237B1E080017A330 /* AddEventCollectionViewCell.swift */; };
		E6BA6E41237B1E080017A330 /* EventTableViewCell.swift in Sources */ = {isa = PBXBuildFile; fileRef = E6BA6E36237B1E080017A330 /* EventTableViewCell.swift */; };
		E6BA6E42237B1E080017A330 /* EventListCollectionViewCell.swift in Sources */ = {isa = PBXBuildFile; fileRef = E6BA6E37237B1E080017A330 /* EventListCollectionViewCell.swift */; };
		E6BA6E44237B1E4F0017A330 /* Discover.storyboard in Resources */ = {isa = PBXBuildFile; fileRef = E6BA6E43237B1E4E0017A330 /* Discover.storyboard */; };
		E6BA6E4B237B23040017A330 /* PMIModel.swift in Sources */ = {isa = PBXBuildFile; fileRef = E6BA6E47237B23040017A330 /* PMIModel.swift */; };
		E6BA6E4C237B23040017A330 /* DonateStepsViewController.swift in Sources */ = {isa = PBXBuildFile; fileRef = E6BA6E48237B23040017A330 /* DonateStepsViewController.swift */; };
		E6D0747D237BCDCD00CF5531 /* DiscoverController+UIScrollView.swift in Sources */ = {isa = PBXBuildFile; fileRef = E6D0747C237BCDCD00CF5531 /* DiscoverController+UIScrollView.swift */; };
		E6D0748B237BE7CB00CF5531 /* AddEventController.swift in Sources */ = {isa = PBXBuildFile; fileRef = E6D0748A237BE7CB00CF5531 /* AddEventController.swift */; };
		E6D0748F237BEAE400CF5531 /* AddEvent.storyboard in Resources */ = {isa = PBXBuildFile; fileRef = E6D0748E237BEAE400CF5531 /* AddEvent.storyboard */; };
		E6D07491237C05BA00CF5531 /* LabelAndTextFieldCell.swift in Sources */ = {isa = PBXBuildFile; fileRef = E6D07490237C05BA00CF5531 /* LabelAndTextFieldCell.swift */; };
		E6D07494237C1E1000CF5531 /* TitleModelEvent.swift in Sources */ = {isa = PBXBuildFile; fileRef = E6D07493237C1E1000CF5531 /* TitleModelEvent.swift */; };
		E6DDAF2B237435B300D6EAD1 /* FindController+ScrollView.swift in Sources */ = {isa = PBXBuildFile; fileRef = E6DDAF28237435B300D6EAD1 /* FindController+ScrollView.swift */; };
		E6DDAF312375630800D6EAD1 /* LineLayer.swift in Sources */ = {isa = PBXBuildFile; fileRef = E6DDAF2E2375630700D6EAD1 /* LineLayer.swift */; };
		E6DDAF322375630800D6EAD1 /* AnnularLayer.swift in Sources */ = {isa = PBXBuildFile; fileRef = E6DDAF2F2375630800D6EAD1 /* AnnularLayer.swift */; };
		E6DDAF332375630800D6EAD1 /* StepIndicatorView.swift in Sources */ = {isa = PBXBuildFile; fileRef = E6DDAF302375630800D6EAD1 /* StepIndicatorView.swift */; };
		E6DDAF382375638E00D6EAD1 /* ScanFormPage.storyboard in Resources */ = {isa = PBXBuildFile; fileRef = E6DDAF372375638E00D6EAD1 /* ScanFormPage.storyboard */; };
		E6DDAF3A237563AC00D6EAD1 /* ScanFormController.swift in Sources */ = {isa = PBXBuildFile; fileRef = E6DDAF39237563AC00D6EAD1 /* ScanFormController.swift */; };
		E6FBB16C23718C8400B1B4DE /* AppDelegate.swift in Sources */ = {isa = PBXBuildFile; fileRef = E6FBB16B23718C8400B1B4DE /* AppDelegate.swift */; };
		E6FBB17423718C8400B1B4DE /* Donorhin.xcdatamodeld in Sources */ = {isa = PBXBuildFile; fileRef = E6FBB17223718C8400B1B4DE /* Donorhin.xcdatamodeld */; };
		E6FBB17623718C8500B1B4DE /* Assets.xcassets in Resources */ = {isa = PBXBuildFile; fileRef = E6FBB17523718C8500B1B4DE /* Assets.xcassets */; };
		E6FBB17923718C8500B1B4DE /* LaunchScreen.storyboard in Resources */ = {isa = PBXBuildFile; fileRef = E6FBB17723718C8500B1B4DE /* LaunchScreen.storyboard */; };
		E6FBB18423718C8500B1B4DE /* DonorhinTests.swift in Sources */ = {isa = PBXBuildFile; fileRef = E6FBB18323718C8500B1B4DE /* DonorhinTests.swift */; };
		E6FBB18F23718C8500B1B4DE /* DonorhinUITests.swift in Sources */ = {isa = PBXBuildFile; fileRef = E6FBB18E23718C8500B1B4DE /* DonorhinUITests.swift */; };
		E6FBB1A023718D5500B1B4DE /* RootTabBarController.storyboard in Resources */ = {isa = PBXBuildFile; fileRef = E6FBB19F23718D5500B1B4DE /* RootTabBarController.storyboard */; };
		E6FBB1A223718D8D00B1B4DE /* Authentication.storyboard in Resources */ = {isa = PBXBuildFile; fileRef = E6FBB1A123718D8D00B1B4DE /* Authentication.storyboard */; };
		E6FBB1A923718E7F00B1B4DE /* Find.storyboard in Resources */ = {isa = PBXBuildFile; fileRef = E6FBB1A823718E7F00B1B4DE /* Find.storyboard */; };
		E6FBB1AB23718EAB00B1B4DE /* Donate.storyboard in Resources */ = {isa = PBXBuildFile; fileRef = E6FBB1AA23718EAB00B1B4DE /* Donate.storyboard */; };
		E6FBB1B123718FDF00B1B4DE /* DonateController.swift in Sources */ = {isa = PBXBuildFile; fileRef = E6FBB1B023718FDF00B1B4DE /* DonateController.swift */; };
		E6FBB1B323718FF500B1B4DE /* FindController.swift in Sources */ = {isa = PBXBuildFile; fileRef = E6FBB1B223718FF500B1B4DE /* FindController.swift */; };
		E6FBB1BE2371947700B1B4DE /* FindController+UITableView.swift in Sources */ = {isa = PBXBuildFile; fileRef = E6FBB1BD2371947700B1B4DE /* FindController+UITableView.swift */; };
		E6FBB1C0237194FB00B1B4DE /* BloodRequest.swift in Sources */ = {isa = PBXBuildFile; fileRef = E6FBB1BF237194FB00B1B4DE /* BloodRequest.swift */; };
		E6FBB1C32371991D00B1B4DE /* Constants.swift in Sources */ = {isa = PBXBuildFile; fileRef = E6FBB1C22371991D00B1B4DE /* Constants.swift */; };
/* End PBXBuildFile section */

/* Begin PBXContainerItemProxy section */
		E6FBB18023718C8500B1B4DE /* PBXContainerItemProxy */ = {
			isa = PBXContainerItemProxy;
			containerPortal = E6FBB16023718C8400B1B4DE /* Project object */;
			proxyType = 1;
			remoteGlobalIDString = E6FBB16723718C8400B1B4DE;
			remoteInfo = Donorhin;
		};
		E6FBB18B23718C8500B1B4DE /* PBXContainerItemProxy */ = {
			isa = PBXContainerItemProxy;
			containerPortal = E6FBB16023718C8400B1B4DE /* Project object */;
			proxyType = 1;
			remoteGlobalIDString = E6FBB16723718C8400B1B4DE;
			remoteInfo = Donorhin;
		};
/* End PBXContainerItemProxy section */

/* Begin PBXFileReference section */
		0925FB372373F13000874DAA /* CustomMainView.swift */ = {isa = PBXFileReference; lastKnownFileType = sourcecode.swift; path = CustomMainView.swift; sourceTree = "<group>"; };
		0925FB3E23740E1C00874DAA /* DonateTableViewCell.swift */ = {isa = PBXFileReference; lastKnownFileType = sourcecode.swift; path = DonateTableViewCell.swift; sourceTree = "<group>"; };
		0925FB3F23740E1C00874DAA /* DonateTableViewCell.xib */ = {isa = PBXFileReference; lastKnownFileType = file.xib; path = DonateTableViewCell.xib; sourceTree = "<group>"; };
		094B6ED9237EC7D300716862 /* Helper.swift */ = {isa = PBXFileReference; lastKnownFileType = sourcecode.swift; path = Helper.swift; sourceTree = "<group>"; };
		094B6EDC238044D300716862 /* Steps.swift */ = {isa = PBXFileReference; lastKnownFileType = sourcecode.swift; path = Steps.swift; sourceTree = "<group>"; };
		098FD4742372C91E00AF7EC7 /* CustomButtonSubmitRounded.swift */ = {isa = PBXFileReference; lastKnownFileType = sourcecode.swift; path = CustomButtonSubmitRounded.swift; sourceTree = "<group>"; };
		098FD4762372C95900AF7EC7 /* CustomViewRounded.swift */ = {isa = PBXFileReference; lastKnownFileType = sourcecode.swift; path = CustomViewRounded.swift; sourceTree = "<group>"; };
		09DC193923754BCD004BEFB5 /* DonateModel.swift */ = {isa = PBXFileReference; lastKnownFileType = sourcecode.swift; path = DonateModel.swift; sourceTree = "<group>"; };
		AB1CD2D3237C198300CB3C56 /* Onboarding.storyboard */ = {isa = PBXFileReference; fileEncoding = 4; lastKnownFileType = file.storyboard; path = Onboarding.storyboard; sourceTree = "<group>"; };
		AB498AC2237D735F006CDA7A /* Page1OnboardViewController.swift */ = {isa = PBXFileReference; lastKnownFileType = sourcecode.swift; path = Page1OnboardViewController.swift; sourceTree = "<group>"; };
		AB498AC4237D73E7006CDA7A /* Page2OnboardViewController.swift */ = {isa = PBXFileReference; lastKnownFileType = sourcecode.swift; path = Page2OnboardViewController.swift; sourceTree = "<group>"; };
		AB498AC6237D743D006CDA7A /* Page3OnboardViewController.swift */ = {isa = PBXFileReference; lastKnownFileType = sourcecode.swift; path = Page3OnboardViewController.swift; sourceTree = "<group>"; };
		AB498AC8237D74D2006CDA7A /* Page4OnboardViewController.swift */ = {isa = PBXFileReference; lastKnownFileType = sourcecode.swift; path = Page4OnboardViewController.swift; sourceTree = "<group>"; };
		AB498ACA237E8A86006CDA7A /* Donorhin.entitlements */ = {isa = PBXFileReference; lastKnownFileType = text.plist.entitlements; path = Donorhin.entitlements; sourceTree = "<group>"; };
		AB498ACC237E8A95006CDA7A /* CloudKit.framework */ = {isa = PBXFileReference; lastKnownFileType = wrapper.framework; name = CloudKit.framework; path = System/Library/Frameworks/CloudKit.framework; sourceTree = SDKROOT; };
		AB4BD9AB237599870016DDF1 /* OnboardingViewController.swift */ = {isa = PBXFileReference; fileEncoding = 4; lastKnownFileType = sourcecode.swift; path = OnboardingViewController.swift; sourceTree = "<group>"; };
		AB7357852374309E00A6099B /* CustomSegmentedController.swift */ = {isa = PBXFileReference; fileEncoding = 4; lastKnownFileType = sourcecode.swift; path = CustomSegmentedController.swift; sourceTree = "<group>"; };
		AB73578D2374310600A6099B /* Profile.swift */ = {isa = PBXFileReference; fileEncoding = 4; lastKnownFileType = sourcecode.swift; path = Profile.swift; sourceTree = "<group>"; };
		AB73578F2374311400A6099B /* ProfileController+UITableView.swift */ = {isa = PBXFileReference; fileEncoding = 4; lastKnownFileType = sourcecode.swift; path = "ProfileController+UITableView.swift"; sourceTree = "<group>"; };
		AB7357902374311400A6099B /* ProfileController.swift */ = {isa = PBXFileReference; fileEncoding = 4; lastKnownFileType = sourcecode.swift; path = ProfileController.swift; sourceTree = "<group>"; };
		AB7357932374313500A6099B /* FirstCell.swift */ = {isa = PBXFileReference; fileEncoding = 4; lastKnownFileType = sourcecode.swift; path = FirstCell.swift; sourceTree = "<group>"; };
		AB7357942374313500A6099B /* SecondCell.swift */ = {isa = PBXFileReference; fileEncoding = 4; lastKnownFileType = sourcecode.swift; path = SecondCell.swift; sourceTree = "<group>"; };
		AB7357952374313500A6099B /* ThirdCell.swift */ = {isa = PBXFileReference; fileEncoding = 4; lastKnownFileType = sourcecode.swift; path = ThirdCell.swift; sourceTree = "<group>"; };
		AB7357992374316900A6099B /* Profile.storyboard */ = {isa = PBXFileReference; fileEncoding = 4; lastKnownFileType = file.storyboard; path = Profile.storyboard; sourceTree = "<group>"; };
		B0B1686E237BE7E5001DCE3C /* Information.storyboard */ = {isa = PBXFileReference; lastKnownFileType = file.storyboard; path = Information.storyboard; sourceTree = "<group>"; };
		B0B16870237BE840001DCE3C /* InformationController.swift */ = {isa = PBXFileReference; lastKnownFileType = sourcecode.swift; path = InformationController.swift; sourceTree = "<group>"; };
		B0B16874237BEA7C001DCE3C /* InformationCustomCell.xib */ = {isa = PBXFileReference; lastKnownFileType = file.xib; path = InformationCustomCell.xib; sourceTree = "<group>"; };
		B0B16876237BED39001DCE3C /* InformationTableViewCell.swift */ = {isa = PBXFileReference; lastKnownFileType = sourcecode.swift; path = InformationTableViewCell.swift; sourceTree = "<group>"; };
		B0B16878237BEF7C001DCE3C /* InformationController+UITableView.swift */ = {isa = PBXFileReference; lastKnownFileType = sourcecode.swift; path = "InformationController+UITableView.swift"; sourceTree = "<group>"; };
		B0B1687A237BF250001DCE3C /* InfoItem.swift */ = {isa = PBXFileReference; lastKnownFileType = sourcecode.swift; path = InfoItem.swift; sourceTree = "<group>"; };
		B0B1687F237D3A5F001DCE3C /* FormCustomCell.xib */ = {isa = PBXFileReference; lastKnownFileType = file.xib; path = FormCustomCell.xib; sourceTree = "<group>"; };
		B0B16881237D3E61001DCE3C /* FormTableViewCell.swift */ = {isa = PBXFileReference; lastKnownFileType = sourcecode.swift; path = FormTableViewCell.swift; sourceTree = "<group>"; };
		B0B16887237D44A8001DCE3C /* LoginController.swift */ = {isa = PBXFileReference; lastKnownFileType = sourcecode.swift; path = LoginController.swift; sourceTree = "<group>"; };
		B0B16889237D473D001DCE3C /* LoginController+UITableView.swift */ = {isa = PBXFileReference; lastKnownFileType = sourcecode.swift; path = "LoginController+UITableView.swift"; sourceTree = "<group>"; };
		B0B1688B237D487A001DCE3C /* FormItems.swift */ = {isa = PBXFileReference; lastKnownFileType = sourcecode.swift; path = FormItems.swift; sourceTree = "<group>"; };
		B0B1688D237D4BF9001DCE3C /* LoginController+CellDelegate.swift */ = {isa = PBXFileReference; lastKnownFileType = sourcecode.swift; path = "LoginController+CellDelegate.swift"; sourceTree = "<group>"; };
		B0B1688F237D6025001DCE3C /* Register.storyboard */ = {isa = PBXFileReference; lastKnownFileType = file.storyboard; path = Register.storyboard; sourceTree = "<group>"; };
		B0B16891237D6049001DCE3C /* RegisterController.swift */ = {isa = PBXFileReference; lastKnownFileType = sourcecode.swift; path = RegisterController.swift; sourceTree = "<group>"; };
		B0B16893237D62ED001DCE3C /* RegisterController+UITableView.swift */ = {isa = PBXFileReference; lastKnownFileType = sourcecode.swift; path = "RegisterController+UITableView.swift"; sourceTree = "<group>"; };
		B0B16895237D636E001DCE3C /* RegisterController+CellDelegate.swift */ = {isa = PBXFileReference; lastKnownFileType = sourcecode.swift; path = "RegisterController+CellDelegate.swift"; sourceTree = "<group>"; };
		B0B16897237D658B001DCE3C /* RegisterDetailController.swift */ = {isa = PBXFileReference; lastKnownFileType = sourcecode.swift; path = RegisterDetailController.swift; sourceTree = "<group>"; };
		B0B16899237D65B8001DCE3C /* RegisterDetailController+UITableView.swift */ = {isa = PBXFileReference; lastKnownFileType = sourcecode.swift; path = "RegisterDetailController+UITableView.swift"; sourceTree = "<group>"; };
		B0B1689F237D660A001DCE3C /* RegisterDetailController+CellDelegate.swift */ = {isa = PBXFileReference; lastKnownFileType = sourcecode.swift; path = "RegisterDetailController+CellDelegate.swift"; sourceTree = "<group>"; };
		B0B168A1237D6630001DCE3C /* RegisterDetail.storyboard */ = {isa = PBXFileReference; lastKnownFileType = file.storyboard; path = RegisterDetail.storyboard; sourceTree = "<group>"; };
		B0B168AB237ECE83001DCE3C /* ButtonViewCell.xib */ = {isa = PBXFileReference; lastKnownFileType = file.xib; path = ButtonViewCell.xib; sourceTree = "<group>"; };
		B0B168AD237ECEAC001DCE3C /* TwoButtonCell.xib */ = {isa = PBXFileReference; lastKnownFileType = file.xib; path = TwoButtonCell.xib; sourceTree = "<group>"; };
		B0B168AF237ECED0001DCE3C /* AgreementViewCell.xib */ = {isa = PBXFileReference; lastKnownFileType = file.xib; path = AgreementViewCell.xib; sourceTree = "<group>"; };
		B0FF322423829ABA0001C0F5 /* ButtonTableViewCell.swift */ = {isa = PBXFileReference; lastKnownFileType = sourcecode.swift; path = ButtonTableViewCell.swift; sourceTree = "<group>"; };
		B0FF322623829B230001C0F5 /* AgreementTableViewCell.swift */ = {isa = PBXFileReference; lastKnownFileType = sourcecode.swift; path = AgreementTableViewCell.swift; sourceTree = "<group>"; };
		B0FF322823829B580001C0F5 /* TwoButtonTableViewCell.swift */ = {isa = PBXFileReference; lastKnownFileType = sourcecode.swift; path = TwoButtonTableViewCell.swift; sourceTree = "<group>"; };
		CC25B5182383DEE800C381D7 /* String + Converter.swift */ = {isa = PBXFileReference; lastKnownFileType = sourcecode.swift; path = "String + Converter.swift"; sourceTree = "<group>"; };
		B0FF322A23829CC50001C0F5 /* UserModel.swift */ = {isa = PBXFileReference; lastKnownFileType = sourcecode.swift; path = UserModel.swift; sourceTree = "<group>"; };
		CC654063238193B8005BE635 /* UIDatePicker + Styling.swift */ = {isa = PBXFileReference; lastKnownFileType = sourcecode.swift; path = "UIDatePicker + Styling.swift"; sourceTree = "<group>"; };
		CC6DF684237C2CB100F99B5D /* UTDDonorTableViewController.swift */ = {isa = PBXFileReference; fileEncoding = 4; lastKnownFileType = sourcecode.swift; path = UTDDonorTableViewController.swift; sourceTree = "<group>"; };
		CC88A08123749D16001A982E /* FindBloodCustomCell.xib */ = {isa = PBXFileReference; fileEncoding = 4; lastKnownFileType = file.xib; path = FindBloodCustomCell.xib; sourceTree = "<group>"; };
		CC88A08323749D16001A982E /* FindBloodCustomCell.swift */ = {isa = PBXFileReference; fileEncoding = 4; lastKnownFileType = sourcecode.swift; path = FindBloodCustomCell.swift; sourceTree = "<group>"; };
		CC922ED52381633400044B24 /* SecondStepRVC + Delegates.swift */ = {isa = PBXFileReference; lastKnownFileType = sourcecode.swift; path = "SecondStepRVC + Delegates.swift"; sourceTree = "<group>"; };
		CCAAE4EA237C1FF700BEFB44 /* RequestStepsPageViewController.storyboard */ = {isa = PBXFileReference; fileEncoding = 4; lastKnownFileType = file.storyboard; path = RequestStepsPageViewController.storyboard; sourceTree = "<group>"; };
		CCAAE4F6237C205900BEFB44 /* FourthStepRequestViewController.swift */ = {isa = PBXFileReference; fileEncoding = 4; lastKnownFileType = sourcecode.swift; path = FourthStepRequestViewController.swift; sourceTree = "<group>"; };
		CCAAE4F8237C205900BEFB44 /* FirstStepRequestViewController.swift */ = {isa = PBXFileReference; fileEncoding = 4; lastKnownFileType = sourcecode.swift; path = FirstStepRequestViewController.swift; sourceTree = "<group>"; };
		CCAAE4F9237C205900BEFB44 /* RequestStepsPageViewController.swift */ = {isa = PBXFileReference; fileEncoding = 4; lastKnownFileType = sourcecode.swift; path = RequestStepsPageViewController.swift; sourceTree = "<group>"; };
		CCAAE4FA237C205900BEFB44 /* SecondStepRequestViewController.swift */ = {isa = PBXFileReference; fileEncoding = 4; lastKnownFileType = sourcecode.swift; path = SecondStepRequestViewController.swift; sourceTree = "<group>"; };
		CCAAE4FB237C205900BEFB44 /* ThirdStepRequestViewController.swift */ = {isa = PBXFileReference; fileEncoding = 4; lastKnownFileType = sourcecode.swift; path = ThirdStepRequestViewController.swift; sourceTree = "<group>"; };
		CCAAE4FC237C205900BEFB44 /* FifthStepRequestViewController.swift */ = {isa = PBXFileReference; fileEncoding = 4; lastKnownFileType = sourcecode.swift; path = FifthStepRequestViewController.swift; sourceTree = "<group>"; };
		CCAAE504237C206000BEFB44 /* RequestStepsRequestModel.swift */ = {isa = PBXFileReference; fileEncoding = 4; lastKnownFileType = sourcecode.swift; path = RequestStepsRequestModel.swift; sourceTree = "<group>"; };
		CCBEC20223829CBB004AC408 /* Helper + DatabaseModel.swift */ = {isa = PBXFileReference; lastKnownFileType = sourcecode.swift; path = "Helper + DatabaseModel.swift"; sourceTree = "<group>"; };
		CCBEC2042382DE18004AC408 /* CKRecord + Converter.swift */ = {isa = PBXFileReference; lastKnownFileType = sourcecode.swift; path = "CKRecord + Converter.swift"; sourceTree = "<group>"; };
		E62918EA237C6A2800E8D559 /* CheckboxAgreementCell.swift */ = {isa = PBXFileReference; lastKnownFileType = sourcecode.swift; path = CheckboxAgreementCell.swift; sourceTree = "<group>"; };
		E62918EC237CFC0F00E8D559 /* CheckBox.swift */ = {isa = PBXFileReference; fileEncoding = 4; lastKnownFileType = sourcecode.swift; path = CheckBox.swift; sourceTree = "<group>"; };
		E62918EE237D2DAD00E8D559 /* PickPictureCell.swift */ = {isa = PBXFileReference; lastKnownFileType = sourcecode.swift; path = PickPictureCell.swift; sourceTree = "<group>"; };
		E62918F0237E437E00E8D559 /* AddEventController+UITableView.swift */ = {isa = PBXFileReference; lastKnownFileType = sourcecode.swift; path = "AddEventController+UITableView.swift"; sourceTree = "<group>"; };
		E62918F2237E43C300E8D559 /* AddEventController+UIImagePickerDelegate.swift */ = {isa = PBXFileReference; lastKnownFileType = sourcecode.swift; path = "AddEventController+UIImagePickerDelegate.swift"; sourceTree = "<group>"; };
		E62918F4237E43F100E8D559 /* AddEventController+Delegate.swift */ = {isa = PBXFileReference; lastKnownFileType = sourcecode.swift; path = "AddEventController+Delegate.swift"; sourceTree = "<group>"; };
		E62918F9237EBBDE00E8D559 /* Form.storyboard */ = {isa = PBXFileReference; lastKnownFileType = file.storyboard; path = Form.storyboard; sourceTree = "<group>"; };
		E62918FB237EBBF600E8D559 /* FormController.swift */ = {isa = PBXFileReference; lastKnownFileType = sourcecode.swift; path = FormController.swift; sourceTree = "<group>"; };
		E62918FD237EC54500E8D559 /* LabelAndTextCell.swift */ = {isa = PBXFileReference; lastKnownFileType = sourcecode.swift; path = LabelAndTextCell.swift; sourceTree = "<group>"; };
		E62918FF237EC9E400E8D559 /* FormController+UITableView.swift */ = {isa = PBXFileReference; lastKnownFileType = sourcecode.swift; path = "FormController+UITableView.swift"; sourceTree = "<group>"; };
		E6291901237ED10800E8D559 /* LabelAndSwitchCell.swift */ = {isa = PBXFileReference; lastKnownFileType = sourcecode.swift; path = LabelAndSwitchCell.swift; sourceTree = "<group>"; };
		E6291904237F102000E8D559 /* FormQuestionNameModel.swift */ = {isa = PBXFileReference; lastKnownFileType = sourcecode.swift; path = FormQuestionNameModel.swift; sourceTree = "<group>"; };
		E6291906237FCCEC00E8D559 /* FormController+Delegate.swift */ = {isa = PBXFileReference; lastKnownFileType = sourcecode.swift; path = "FormController+Delegate.swift"; sourceTree = "<group>"; };
		E629190A2380414B00E8D559 /* LongLabelAndTextCell.swift */ = {isa = PBXFileReference; lastKnownFileType = sourcecode.swift; path = LongLabelAndTextCell.swift; sourceTree = "<group>"; };
		E629190C2380593D00E8D559 /* FindController+Delegate.swift */ = {isa = PBXFileReference; lastKnownFileType = sourcecode.swift; path = "FindController+Delegate.swift"; sourceTree = "<group>"; };
		E629190E23805E2500E8D559 /* FormController+UIPickerView.swift */ = {isa = PBXFileReference; lastKnownFileType = sourcecode.swift; path = "FormController+UIPickerView.swift"; sourceTree = "<group>"; };
		E6AC8D3A237B29DF00820100 /* TrackerController+UITableView.swift */ = {isa = PBXFileReference; fileEncoding = 4; lastKnownFileType = sourcecode.swift; path = "TrackerController+UITableView.swift"; sourceTree = "<group>"; };
		E6AC8D3B237B29DF00820100 /* TrackerController.swift */ = {isa = PBXFileReference; fileEncoding = 4; lastKnownFileType = sourcecode.swift; path = TrackerController.swift; sourceTree = "<group>"; };
		E6AC8D3C237B29DF00820100 /* TrackerController + TrackerCellDelegate.swift */ = {isa = PBXFileReference; fileEncoding = 4; lastKnownFileType = sourcecode.swift; path = "TrackerController + TrackerCellDelegate.swift"; sourceTree = "<group>"; };
		E6AC8D3E237B29DF00820100 /* TrackerDonor.swift */ = {isa = PBXFileReference; fileEncoding = 4; lastKnownFileType = sourcecode.swift; path = TrackerDonor.swift; sourceTree = "<group>"; };
		E6AC8D40237B29DF00820100 /* TrackerDonorTableViewCell.swift */ = {isa = PBXFileReference; fileEncoding = 4; lastKnownFileType = sourcecode.swift; path = TrackerDonorTableViewCell.swift; sourceTree = "<group>"; };
		E6AC8D41237B29DF00820100 /* TrackerDonorTableViewCell.xib */ = {isa = PBXFileReference; fileEncoding = 4; lastKnownFileType = file.xib; path = TrackerDonorTableViewCell.xib; sourceTree = "<group>"; };
		E6AC8D42237B29DF00820100 /* Tracker.storyboard */ = {isa = PBXFileReference; fileEncoding = 4; lastKnownFileType = file.storyboard; path = Tracker.storyboard; sourceTree = "<group>"; };
		E6AC8D4A237B2A4100820100 /* FixImageOrientation.swift */ = {isa = PBXFileReference; fileEncoding = 4; lastKnownFileType = sourcecode.swift; path = FixImageOrientation.swift; sourceTree = "<group>"; };
		E6BA6E29237B1E080017A330 /* InfoTableViewCell+UITableView.swift */ = {isa = PBXFileReference; fileEncoding = 4; lastKnownFileType = sourcecode.swift; path = "InfoTableViewCell+UITableView.swift"; sourceTree = "<group>"; };
		E6BA6E2A237B1E080017A330 /* EventTableViewCell+UICollectionView.swift */ = {isa = PBXFileReference; fileEncoding = 4; lastKnownFileType = sourcecode.swift; path = "EventTableViewCell+UICollectionView.swift"; sourceTree = "<group>"; };
		E6BA6E2B237B1E080017A330 /* DiscoverController+UITableView.swift */ = {isa = PBXFileReference; fileEncoding = 4; lastKnownFileType = sourcecode.swift; path = "DiscoverController+UITableView.swift"; sourceTree = "<group>"; };
		E6BA6E2C237B1E080017A330 /* DiscoverController.swift */ = {isa = PBXFileReference; fileEncoding = 4; lastKnownFileType = sourcecode.swift; path = DiscoverController.swift; sourceTree = "<group>"; };
		E6BA6E2E237B1E080017A330 /* EventModel.swift */ = {isa = PBXFileReference; fileEncoding = 4; lastKnownFileType = sourcecode.swift; path = EventModel.swift; sourceTree = "<group>"; };
		E6BA6E2F237B1E080017A330 /* InfoModel.swift */ = {isa = PBXFileReference; fileEncoding = 4; lastKnownFileType = sourcecode.swift; path = InfoModel.swift; sourceTree = "<group>"; };
		E6BA6E32237B1E080017A330 /* InfoInsideTableViewCell.swift */ = {isa = PBXFileReference; fileEncoding = 4; lastKnownFileType = sourcecode.swift; path = InfoInsideTableViewCell.swift; sourceTree = "<group>"; };
		E6BA6E33237B1E080017A330 /* InfoTableViewCell.swift */ = {isa = PBXFileReference; fileEncoding = 4; lastKnownFileType = sourcecode.swift; path = InfoTableViewCell.swift; sourceTree = "<group>"; };
		E6BA6E35237B1E080017A330 /* AddEventCollectionViewCell.swift */ = {isa = PBXFileReference; fileEncoding = 4; lastKnownFileType = sourcecode.swift; path = AddEventCollectionViewCell.swift; sourceTree = "<group>"; };
		E6BA6E36237B1E080017A330 /* EventTableViewCell.swift */ = {isa = PBXFileReference; fileEncoding = 4; lastKnownFileType = sourcecode.swift; path = EventTableViewCell.swift; sourceTree = "<group>"; };
		E6BA6E37237B1E080017A330 /* EventListCollectionViewCell.swift */ = {isa = PBXFileReference; fileEncoding = 4; lastKnownFileType = sourcecode.swift; path = EventListCollectionViewCell.swift; sourceTree = "<group>"; };
		E6BA6E43237B1E4E0017A330 /* Discover.storyboard */ = {isa = PBXFileReference; fileEncoding = 4; lastKnownFileType = file.storyboard; path = Discover.storyboard; sourceTree = "<group>"; };
		E6BA6E47237B23040017A330 /* PMIModel.swift */ = {isa = PBXFileReference; fileEncoding = 4; lastKnownFileType = sourcecode.swift; path = PMIModel.swift; sourceTree = "<group>"; };
		E6BA6E48237B23040017A330 /* DonateStepsViewController.swift */ = {isa = PBXFileReference; fileEncoding = 4; lastKnownFileType = sourcecode.swift; path = DonateStepsViewController.swift; sourceTree = "<group>"; };
		E6D0747C237BCDCD00CF5531 /* DiscoverController+UIScrollView.swift */ = {isa = PBXFileReference; lastKnownFileType = sourcecode.swift; path = "DiscoverController+UIScrollView.swift"; sourceTree = "<group>"; };
		E6D0748A237BE7CB00CF5531 /* AddEventController.swift */ = {isa = PBXFileReference; lastKnownFileType = sourcecode.swift; path = AddEventController.swift; sourceTree = "<group>"; };
		E6D0748E237BEAE400CF5531 /* AddEvent.storyboard */ = {isa = PBXFileReference; lastKnownFileType = file.storyboard; path = AddEvent.storyboard; sourceTree = "<group>"; };
		E6D07490237C05BA00CF5531 /* LabelAndTextFieldCell.swift */ = {isa = PBXFileReference; lastKnownFileType = sourcecode.swift; path = LabelAndTextFieldCell.swift; sourceTree = "<group>"; };
		E6D07493237C1E1000CF5531 /* TitleModelEvent.swift */ = {isa = PBXFileReference; lastKnownFileType = sourcecode.swift; path = TitleModelEvent.swift; sourceTree = "<group>"; };
		E6DDAF28237435B300D6EAD1 /* FindController+ScrollView.swift */ = {isa = PBXFileReference; fileEncoding = 4; lastKnownFileType = sourcecode.swift; path = "FindController+ScrollView.swift"; sourceTree = "<group>"; };
		E6DDAF2E2375630700D6EAD1 /* LineLayer.swift */ = {isa = PBXFileReference; fileEncoding = 4; lastKnownFileType = sourcecode.swift; path = LineLayer.swift; sourceTree = "<group>"; };
		E6DDAF2F2375630800D6EAD1 /* AnnularLayer.swift */ = {isa = PBXFileReference; fileEncoding = 4; lastKnownFileType = sourcecode.swift; path = AnnularLayer.swift; sourceTree = "<group>"; };
		E6DDAF302375630800D6EAD1 /* StepIndicatorView.swift */ = {isa = PBXFileReference; fileEncoding = 4; lastKnownFileType = sourcecode.swift; path = StepIndicatorView.swift; sourceTree = "<group>"; };
		E6DDAF372375638E00D6EAD1 /* ScanFormPage.storyboard */ = {isa = PBXFileReference; lastKnownFileType = file.storyboard; path = ScanFormPage.storyboard; sourceTree = "<group>"; };
		E6DDAF39237563AC00D6EAD1 /* ScanFormController.swift */ = {isa = PBXFileReference; lastKnownFileType = sourcecode.swift; path = ScanFormController.swift; sourceTree = "<group>"; };
		E6FBB16823718C8400B1B4DE /* Donorhin.app */ = {isa = PBXFileReference; explicitFileType = wrapper.application; includeInIndex = 0; path = Donorhin.app; sourceTree = BUILT_PRODUCTS_DIR; };
		E6FBB16B23718C8400B1B4DE /* AppDelegate.swift */ = {isa = PBXFileReference; lastKnownFileType = sourcecode.swift; path = AppDelegate.swift; sourceTree = "<group>"; };
		E6FBB17323718C8400B1B4DE /* Donorhin.xcdatamodel */ = {isa = PBXFileReference; lastKnownFileType = wrapper.xcdatamodel; path = Donorhin.xcdatamodel; sourceTree = "<group>"; };
		E6FBB17523718C8500B1B4DE /* Assets.xcassets */ = {isa = PBXFileReference; lastKnownFileType = folder.assetcatalog; path = Assets.xcassets; sourceTree = "<group>"; };
		E6FBB17823718C8500B1B4DE /* Base */ = {isa = PBXFileReference; lastKnownFileType = file.storyboard; name = Base; path = Base.lproj/LaunchScreen.storyboard; sourceTree = "<group>"; };
		E6FBB17A23718C8500B1B4DE /* Info.plist */ = {isa = PBXFileReference; lastKnownFileType = text.plist.xml; path = Info.plist; sourceTree = "<group>"; };
		E6FBB17F23718C8500B1B4DE /* DonorhinTests.xctest */ = {isa = PBXFileReference; explicitFileType = wrapper.cfbundle; includeInIndex = 0; path = DonorhinTests.xctest; sourceTree = BUILT_PRODUCTS_DIR; };
		E6FBB18323718C8500B1B4DE /* DonorhinTests.swift */ = {isa = PBXFileReference; lastKnownFileType = sourcecode.swift; path = DonorhinTests.swift; sourceTree = "<group>"; };
		E6FBB18523718C8500B1B4DE /* Info.plist */ = {isa = PBXFileReference; lastKnownFileType = text.plist.xml; path = Info.plist; sourceTree = "<group>"; };
		E6FBB18A23718C8500B1B4DE /* DonorhinUITests.xctest */ = {isa = PBXFileReference; explicitFileType = wrapper.cfbundle; includeInIndex = 0; path = DonorhinUITests.xctest; sourceTree = BUILT_PRODUCTS_DIR; };
		E6FBB18E23718C8500B1B4DE /* DonorhinUITests.swift */ = {isa = PBXFileReference; lastKnownFileType = sourcecode.swift; path = DonorhinUITests.swift; sourceTree = "<group>"; };
		E6FBB19023718C8500B1B4DE /* Info.plist */ = {isa = PBXFileReference; lastKnownFileType = text.plist.xml; path = Info.plist; sourceTree = "<group>"; };
		E6FBB19F23718D5500B1B4DE /* RootTabBarController.storyboard */ = {isa = PBXFileReference; lastKnownFileType = file.storyboard; path = RootTabBarController.storyboard; sourceTree = "<group>"; };
		E6FBB1A123718D8D00B1B4DE /* Authentication.storyboard */ = {isa = PBXFileReference; lastKnownFileType = file.storyboard; path = Authentication.storyboard; sourceTree = "<group>"; };
		E6FBB1A823718E7F00B1B4DE /* Find.storyboard */ = {isa = PBXFileReference; fileEncoding = 4; lastKnownFileType = file.storyboard; path = Find.storyboard; sourceTree = "<group>"; };
		E6FBB1AA23718EAB00B1B4DE /* Donate.storyboard */ = {isa = PBXFileReference; fileEncoding = 4; lastKnownFileType = file.storyboard; path = Donate.storyboard; sourceTree = "<group>"; };
		E6FBB1B023718FDF00B1B4DE /* DonateController.swift */ = {isa = PBXFileReference; lastKnownFileType = sourcecode.swift; path = DonateController.swift; sourceTree = "<group>"; };
		E6FBB1B223718FF500B1B4DE /* FindController.swift */ = {isa = PBXFileReference; lastKnownFileType = sourcecode.swift; path = FindController.swift; sourceTree = "<group>"; };
		E6FBB1BD2371947700B1B4DE /* FindController+UITableView.swift */ = {isa = PBXFileReference; lastKnownFileType = sourcecode.swift; path = "FindController+UITableView.swift"; sourceTree = "<group>"; };
		E6FBB1BF237194FB00B1B4DE /* BloodRequest.swift */ = {isa = PBXFileReference; lastKnownFileType = sourcecode.swift; path = BloodRequest.swift; sourceTree = "<group>"; };
		E6FBB1C22371991D00B1B4DE /* Constants.swift */ = {isa = PBXFileReference; lastKnownFileType = sourcecode.swift; path = Constants.swift; sourceTree = "<group>"; };
/* End PBXFileReference section */

/* Begin PBXFrameworksBuildPhase section */
		E6FBB16523718C8400B1B4DE /* Frameworks */ = {
			isa = PBXFrameworksBuildPhase;
			buildActionMask = 2147483647;
			files = (
				AB498ACD237E8A95006CDA7A /* CloudKit.framework in Frameworks */,
			);
			runOnlyForDeploymentPostprocessing = 0;
		};
		E6FBB17C23718C8500B1B4DE /* Frameworks */ = {
			isa = PBXFrameworksBuildPhase;
			buildActionMask = 2147483647;
			files = (
			);
			runOnlyForDeploymentPostprocessing = 0;
		};
		E6FBB18723718C8500B1B4DE /* Frameworks */ = {
			isa = PBXFrameworksBuildPhase;
			buildActionMask = 2147483647;
			files = (
			);
			runOnlyForDeploymentPostprocessing = 0;
		};
/* End PBXFrameworksBuildPhase section */

/* Begin PBXGroup section */
		0925FB39237403DF00874DAA /* Model */ = {
			isa = PBXGroup;
			children = (
				E6BA6E47237B23040017A330 /* PMIModel.swift */,
				09DC193923754BCD004BEFB5 /* DonateModel.swift */,
			);
			name = Model;
			sourceTree = "<group>";
		};
		0925FB3A237403F100874DAA /* View */ = {
			isa = PBXGroup;
			children = (
				0925FB3E23740E1C00874DAA /* DonateTableViewCell.swift */,
				0925FB3F23740E1C00874DAA /* DonateTableViewCell.xib */,
			);
			path = View;
			sourceTree = "<group>";
		};
		0925FB3B237403F700874DAA /* Controller */ = {
			isa = PBXGroup;
			children = (
				E6BA6E48237B23040017A330 /* DonateStepsViewController.swift */,
				E6FBB1B023718FDF00B1B4DE /* DonateController.swift */,
			);
			name = Controller;
			sourceTree = "<group>";
		};
		094B6EDB237ECA5400716862 /* Helper */ = {
			isa = PBXGroup;
			children = (
				094B6ED9237EC7D300716862 /* Helper.swift */,
				094B6EDC238044D300716862 /* Steps.swift */,
				CCBEC20223829CBB004AC408 /* Helper + DatabaseModel.swift */,
			);
			path = Helper;
			sourceTree = "<group>";
		};
		098FD4712372C84600AF7EC7 /* CustomViews */ = {
			isa = PBXGroup;
			children = (
				AB7357852374309E00A6099B /* CustomSegmentedController.swift */,
				098FD4742372C91E00AF7EC7 /* CustomButtonSubmitRounded.swift */,
				098FD4762372C95900AF7EC7 /* CustomViewRounded.swift */,
				0925FB372373F13000874DAA /* CustomMainView.swift */,
			);
			name = CustomViews;
			sourceTree = "<group>";
		};
		AB3B8D2F2374034C008D7AB1 /* ProfilePage */ = {
			isa = PBXGroup;
			children = (
				AB7357992374316900A6099B /* Profile.storyboard */,
				AB3B8D6823740FF1008D7AB1 /* Model */,
				AB3B8D6123740C71008D7AB1 /* Controller */,
				AB3B8D6023740C64008D7AB1 /* View */,
			);
			path = ProfilePage;
			sourceTree = "<group>";
		};
		AB3B8D6023740C64008D7AB1 /* View */ = {
			isa = PBXGroup;
			children = (
				AB7357932374313500A6099B /* FirstCell.swift */,
				AB7357942374313500A6099B /* SecondCell.swift */,
				AB7357952374313500A6099B /* ThirdCell.swift */,
			);
			path = View;
			sourceTree = "<group>";
		};
		AB3B8D6123740C71008D7AB1 /* Controller */ = {
			isa = PBXGroup;
			children = (
				AB7357902374311400A6099B /* ProfileController.swift */,
				AB73578F2374311400A6099B /* ProfileController+UITableView.swift */,
			);
			path = Controller;
			sourceTree = "<group>";
		};
		AB3B8D6823740FF1008D7AB1 /* Model */ = {
			isa = PBXGroup;
			children = (
				AB73578D2374310600A6099B /* Profile.swift */,
			);
			path = Model;
			sourceTree = "<group>";
		};
		AB498ACB237E8A95006CDA7A /* Frameworks */ = {
			isa = PBXGroup;
			children = (
				AB498ACC237E8A95006CDA7A /* CloudKit.framework */,
			);
			name = Frameworks;
			sourceTree = "<group>";
		};
		AB4BD9A8237599340016DDF1 /* Onboard */ = {
			isa = PBXGroup;
			children = (
				AB4BD9AB237599870016DDF1 /* OnboardingViewController.swift */,
				AB1CD2D3237C198300CB3C56 /* Onboarding.storyboard */,
				AB498AC2237D735F006CDA7A /* Page1OnboardViewController.swift */,
				AB498AC4237D73E7006CDA7A /* Page2OnboardViewController.swift */,
				AB498AC6237D743D006CDA7A /* Page3OnboardViewController.swift */,
				AB498AC8237D74D2006CDA7A /* Page4OnboardViewController.swift */,
			);
			path = Onboard;
			sourceTree = "<group>";
		};
		B0B1686A237BE76D001DCE3C /* InformationPage */ = {
			isa = PBXGroup;
			children = (
				B0B1686D237BE7CC001DCE3C /* Controller */,
				B0B1686C237BE7C6001DCE3C /* View */,
				B0B1686B237BE7BC001DCE3C /* Model */,
			);
			path = InformationPage;
			sourceTree = "<group>";
		};
		B0B1686B237BE7BC001DCE3C /* Model */ = {
			isa = PBXGroup;
			children = (
				B0B1687A237BF250001DCE3C /* InfoItem.swift */,
			);
			path = Model;
			sourceTree = "<group>";
		};
		B0B1686C237BE7C6001DCE3C /* View */ = {
			isa = PBXGroup;
			children = (
				B0B1686E237BE7E5001DCE3C /* Information.storyboard */,
				B0B16874237BEA7C001DCE3C /* InformationCustomCell.xib */,
				B0B16876237BED39001DCE3C /* InformationTableViewCell.swift */,
			);
			path = View;
			sourceTree = "<group>";
		};
		B0B1686D237BE7CC001DCE3C /* Controller */ = {
			isa = PBXGroup;
			children = (
				B0B16870237BE840001DCE3C /* InformationController.swift */,
				B0B16878237BEF7C001DCE3C /* InformationController+UITableView.swift */,
			);
			path = Controller;
			sourceTree = "<group>";
		};
		B0B1687C237D3A1C001DCE3C /* Model */ = {
			isa = PBXGroup;
			children = (
				B0B1688B237D487A001DCE3C /* FormItems.swift */,
				B0FF322A23829CC50001C0F5 /* UserModel.swift */,
			);
			path = Model;
			sourceTree = "<group>";
		};
		B0B1687D237D3A29001DCE3C /* View */ = {
			isa = PBXGroup;
			children = (
				E6FBB1A123718D8D00B1B4DE /* Authentication.storyboard */,
				B0B1687F237D3A5F001DCE3C /* FormCustomCell.xib */,
				B0B16881237D3E61001DCE3C /* FormTableViewCell.swift */,
				B0B168AB237ECE83001DCE3C /* ButtonViewCell.xib */,
				B0B168AD237ECEAC001DCE3C /* TwoButtonCell.xib */,
				B0B168AF237ECED0001DCE3C /* AgreementViewCell.xib */,
				B0FF322423829ABA0001C0F5 /* ButtonTableViewCell.swift */,
				B0FF322623829B230001C0F5 /* AgreementTableViewCell.swift */,
				B0FF322823829B580001C0F5 /* TwoButtonTableViewCell.swift */,
			);
			path = View;
			sourceTree = "<group>";
		};
		B0B1687E237D3A31001DCE3C /* Controller */ = {
			isa = PBXGroup;
			children = (
				B0B16887237D44A8001DCE3C /* LoginController.swift */,
				B0B16889237D473D001DCE3C /* LoginController+UITableView.swift */,
				B0B1688D237D4BF9001DCE3C /* LoginController+CellDelegate.swift */,
			);
			path = Controller;
			sourceTree = "<group>";
		};
		B0B16883237D415E001DCE3C /* RegisterPage */ = {
			isa = PBXGroup;
			children = (
				B0B1689B237D65C1001DCE3C /* RegisterDetailPage */,
				B0B16886237D4183001DCE3C /* Model */,
				B0B16885237D4176001DCE3C /* Controller */,
				B0B16884237D4171001DCE3C /* View */,
			);
			path = RegisterPage;
			sourceTree = "<group>";
		};
		B0B16884237D4171001DCE3C /* View */ = {
			isa = PBXGroup;
			children = (
				B0B1688F237D6025001DCE3C /* Register.storyboard */,
			);
			path = View;
			sourceTree = "<group>";
		};
		B0B16885237D4176001DCE3C /* Controller */ = {
			isa = PBXGroup;
			children = (
				B0B16891237D6049001DCE3C /* RegisterController.swift */,
				B0B16893237D62ED001DCE3C /* RegisterController+UITableView.swift */,
				B0B16895237D636E001DCE3C /* RegisterController+CellDelegate.swift */,
			);
			path = Controller;
			sourceTree = "<group>";
		};
		B0B16886237D4183001DCE3C /* Model */ = {
			isa = PBXGroup;
			children = (
			);
			path = Model;
			sourceTree = "<group>";
		};
		B0B1689B237D65C1001DCE3C /* RegisterDetailPage */ = {
			isa = PBXGroup;
			children = (
				B0B1689E237D65DE001DCE3C /* Controller */,
				B0B1689D237D65D9001DCE3C /* View */,
				B0B1689C237D65D1001DCE3C /* Model */,
			);
			path = RegisterDetailPage;
			sourceTree = "<group>";
		};
		B0B1689C237D65D1001DCE3C /* Model */ = {
			isa = PBXGroup;
			children = (
			);
			path = Model;
			sourceTree = "<group>";
		};
		B0B1689D237D65D9001DCE3C /* View */ = {
			isa = PBXGroup;
			children = (
				B0B168A1237D6630001DCE3C /* RegisterDetail.storyboard */,
			);
			path = View;
			sourceTree = "<group>";
		};
		B0B1689E237D65DE001DCE3C /* Controller */ = {
			isa = PBXGroup;
			children = (
				B0B16897237D658B001DCE3C /* RegisterDetailController.swift */,
				B0B16899237D65B8001DCE3C /* RegisterDetailController+UITableView.swift */,
				B0B1689F237D660A001DCE3C /* RegisterDetailController+CellDelegate.swift */,
			);
			path = Controller;
			sourceTree = "<group>";
		};
		CC6540622381939F005BE635 /* Extensions */ = {
			isa = PBXGroup;
			children = (
				CC654063238193B8005BE635 /* UIDatePicker + Styling.swift */,
				CCBEC2042382DE18004AC408 /* CKRecord + Converter.swift */,
				CC25B5182383DEE800C381D7 /* String + Converter.swift */,
			);
			name = Extensions;
			sourceTree = "<group>";
		};
		CCAAE4DC237C1F7700BEFB44 /* RequestSteps */ = {
			isa = PBXGroup;
			children = (
				CCAAE4EA237C1FF700BEFB44 /* RequestStepsPageViewController.storyboard */,
				CCAAE4DE237C1F8A00BEFB44 /* Model */,
				CCAAE4DF237C1F9200BEFB44 /* View */,
				CCAAE4DD237C1F8600BEFB44 /* Controller */,
			);
			name = RequestSteps;
			sourceTree = "<group>";
		};
		CCAAE4DD237C1F8600BEFB44 /* Controller */ = {
			isa = PBXGroup;
			children = (
				CCAAE4F9237C205900BEFB44 /* RequestStepsPageViewController.swift */,
				CCAAE4F8237C205900BEFB44 /* FirstStepRequestViewController.swift */,
				CCAAE4FA237C205900BEFB44 /* SecondStepRequestViewController.swift */,
				CC922ED52381633400044B24 /* SecondStepRVC + Delegates.swift */,
				CC6DF684237C2CB100F99B5D /* UTDDonorTableViewController.swift */,
				CCAAE4FB237C205900BEFB44 /* ThirdStepRequestViewController.swift */,
				CCAAE4F6237C205900BEFB44 /* FourthStepRequestViewController.swift */,
				CCAAE4FC237C205900BEFB44 /* FifthStepRequestViewController.swift */,
			);
			name = Controller;
			sourceTree = "<group>";
		};
		CCAAE4DE237C1F8A00BEFB44 /* Model */ = {
			isa = PBXGroup;
			children = (
				CCAAE504237C206000BEFB44 /* RequestStepsRequestModel.swift */,
			);
			name = Model;
			sourceTree = "<group>";
		};
		CCAAE4DF237C1F9200BEFB44 /* View */ = {
			isa = PBXGroup;
			children = (
			);
			name = View;
			sourceTree = "<group>";
		};
		E62918F6237EBBA800E8D559 /* FormPage */ = {
			isa = PBXGroup;
			children = (
				E6291903237F0FD100E8D559 /* Model */,
				E62918F8237EBBC500E8D559 /* Controller */,
				E62918F7237EBBBD00E8D559 /* View */,
				E62918F9237EBBDE00E8D559 /* Form.storyboard */,
			);
			path = FormPage;
			sourceTree = "<group>";
		};
		E62918F7237EBBBD00E8D559 /* View */ = {
			isa = PBXGroup;
			children = (
				E62918FD237EC54500E8D559 /* LabelAndTextCell.swift */,
				E6291901237ED10800E8D559 /* LabelAndSwitchCell.swift */,
				E629190A2380414B00E8D559 /* LongLabelAndTextCell.swift */,
			);
			path = View;
			sourceTree = "<group>";
		};
		E62918F8237EBBC500E8D559 /* Controller */ = {
			isa = PBXGroup;
			children = (
				E62918FB237EBBF600E8D559 /* FormController.swift */,
				E62918FF237EC9E400E8D559 /* FormController+UITableView.swift */,
				E629190E23805E2500E8D559 /* FormController+UIPickerView.swift */,
				E6291906237FCCEC00E8D559 /* FormController+Delegate.swift */,
			);
			path = Controller;
			sourceTree = "<group>";
		};
		E6291903237F0FD100E8D559 /* Model */ = {
			isa = PBXGroup;
			children = (
				E6291904237F102000E8D559 /* FormQuestionNameModel.swift */,
			);
			path = Model;
			sourceTree = "<group>";
		};
		E6AC8D38237B29DF00820100 /* Tracker */ = {
			isa = PBXGroup;
			children = (
				E6AC8D39237B29DF00820100 /* Controller */,
				E6AC8D3D237B29DF00820100 /* Model */,
				E6AC8D3F237B29DF00820100 /* View */,
			);
			path = Tracker;
			sourceTree = "<group>";
		};
		E6AC8D39237B29DF00820100 /* Controller */ = {
			isa = PBXGroup;
			children = (
				E6AC8D3A237B29DF00820100 /* TrackerController+UITableView.swift */,
				E6AC8D3B237B29DF00820100 /* TrackerController.swift */,
				E6AC8D3C237B29DF00820100 /* TrackerController + TrackerCellDelegate.swift */,
			);
			path = Controller;
			sourceTree = "<group>";
		};
		E6AC8D3D237B29DF00820100 /* Model */ = {
			isa = PBXGroup;
			children = (
				E6AC8D3E237B29DF00820100 /* TrackerDonor.swift */,
			);
			path = Model;
			sourceTree = "<group>";
		};
		E6AC8D3F237B29DF00820100 /* View */ = {
			isa = PBXGroup;
			children = (
				E6AC8D40237B29DF00820100 /* TrackerDonorTableViewCell.swift */,
				E6AC8D41237B29DF00820100 /* TrackerDonorTableViewCell.xib */,
				E6AC8D42237B29DF00820100 /* Tracker.storyboard */,
			);
			path = View;
			sourceTree = "<group>";
		};
		E6BA6E27237B1E080017A330 /* DiscoverPage */ = {
			isa = PBXGroup;
			children = (
				E6BA6E28237B1E080017A330 /* Controller */,
				E6BA6E2D237B1E080017A330 /* Model */,
				E6BA6E30237B1E080017A330 /* View */,
				E6BA6E43237B1E4E0017A330 /* Discover.storyboard */,
			);
			path = DiscoverPage;
			sourceTree = "<group>";
		};
		E6BA6E28237B1E080017A330 /* Controller */ = {
			isa = PBXGroup;
			children = (
				E6BA6E2C237B1E080017A330 /* DiscoverController.swift */,
				E6BA6E2B237B1E080017A330 /* DiscoverController+UITableView.swift */,
				E6D0747C237BCDCD00CF5531 /* DiscoverController+UIScrollView.swift */,
				E6BA6E29237B1E080017A330 /* InfoTableViewCell+UITableView.swift */,
				E6BA6E2A237B1E080017A330 /* EventTableViewCell+UICollectionView.swift */,
			);
			path = Controller;
			sourceTree = "<group>";
		};
		E6BA6E2D237B1E080017A330 /* Model */ = {
			isa = PBXGroup;
			children = (
				E6BA6E2E237B1E080017A330 /* EventModel.swift */,
				E6BA6E2F237B1E080017A330 /* InfoModel.swift */,
			);
			path = Model;
			sourceTree = "<group>";
		};
		E6BA6E30237B1E080017A330 /* View */ = {
			isa = PBXGroup;
			children = (
				E6BA6E31237B1E080017A330 /* Info Cell View */,
				E6BA6E34237B1E080017A330 /* Event Cell View */,
			);
			path = View;
			sourceTree = "<group>";
		};
		E6BA6E31237B1E080017A330 /* Info Cell View */ = {
			isa = PBXGroup;
			children = (
				E6BA6E32237B1E080017A330 /* InfoInsideTableViewCell.swift */,
				E6BA6E33237B1E080017A330 /* InfoTableViewCell.swift */,
			);
			path = "Info Cell View";
			sourceTree = "<group>";
		};
		E6BA6E34237B1E080017A330 /* Event Cell View */ = {
			isa = PBXGroup;
			children = (
				E6BA6E35237B1E080017A330 /* AddEventCollectionViewCell.swift */,
				E6BA6E36237B1E080017A330 /* EventTableViewCell.swift */,
				E6BA6E37237B1E080017A330 /* EventListCollectionViewCell.swift */,
			);
			path = "Event Cell View";
			sourceTree = "<group>";
		};
		E6D07487237BE79200CF5531 /* AddEventPage */ = {
			isa = PBXGroup;
			children = (
				E6D07492237C1DFA00CF5531 /* Model */,
				E6D07489237BE7A600CF5531 /* Controller */,
				E6D07488237BE7A000CF5531 /* View */,
				E6D0748E237BEAE400CF5531 /* AddEvent.storyboard */,
			);
			path = AddEventPage;
			sourceTree = "<group>";
		};
		E6D07488237BE7A000CF5531 /* View */ = {
			isa = PBXGroup;
			children = (
				E6D07490237C05BA00CF5531 /* LabelAndTextFieldCell.swift */,
				E62918EA237C6A2800E8D559 /* CheckboxAgreementCell.swift */,
				E62918EE237D2DAD00E8D559 /* PickPictureCell.swift */,
			);
			path = View;
			sourceTree = "<group>";
		};
		E6D07489237BE7A600CF5531 /* Controller */ = {
			isa = PBXGroup;
			children = (
				E6D0748A237BE7CB00CF5531 /* AddEventController.swift */,
				E62918F0237E437E00E8D559 /* AddEventController+UITableView.swift */,
				E62918F2237E43C300E8D559 /* AddEventController+UIImagePickerDelegate.swift */,
				E62918F4237E43F100E8D559 /* AddEventController+Delegate.swift */,
			);
			path = Controller;
			sourceTree = "<group>";
		};
		E6D07492237C1DFA00CF5531 /* Model */ = {
			isa = PBXGroup;
			children = (
				E6D07493237C1E1000CF5531 /* TitleModelEvent.swift */,
			);
			path = Model;
			sourceTree = "<group>";
		};
		E6DDAF2D237562EF00D6EAD1 /* StepIndicator */ = {
			isa = PBXGroup;
			children = (
				E6DDAF2F2375630800D6EAD1 /* AnnularLayer.swift */,
				E6DDAF2E2375630700D6EAD1 /* LineLayer.swift */,
				E6DDAF302375630800D6EAD1 /* StepIndicatorView.swift */,
			);
			path = StepIndicator;
			sourceTree = "<group>";
		};
		E6DDAF342375631800D6EAD1 /* ScanFormPage */ = {
			isa = PBXGroup;
			children = (
				E6DDAF362375637B00D6EAD1 /* View */,
				E6DDAF352375636E00D6EAD1 /* Controller */,
			);
			path = ScanFormPage;
			sourceTree = "<group>";
		};
		E6DDAF352375636E00D6EAD1 /* Controller */ = {
			isa = PBXGroup;
			children = (
				E6DDAF39237563AC00D6EAD1 /* ScanFormController.swift */,
			);
			path = Controller;
			sourceTree = "<group>";
		};
		E6DDAF362375637B00D6EAD1 /* View */ = {
			isa = PBXGroup;
			children = (
				E6DDAF372375638E00D6EAD1 /* ScanFormPage.storyboard */,
			);
			path = View;
			sourceTree = "<group>";
		};
		E6FBB15F23718C8400B1B4DE = {
			isa = PBXGroup;
			children = (
				E6FBB16A23718C8400B1B4DE /* Donorhin */,
				E6FBB18223718C8500B1B4DE /* DonorhinTests */,
				E6FBB18D23718C8500B1B4DE /* DonorhinUITests */,
				E6FBB16923718C8400B1B4DE /* Products */,
				AB498ACB237E8A95006CDA7A /* Frameworks */,
			);
			sourceTree = "<group>";
		};
		E6FBB16923718C8400B1B4DE /* Products */ = {
			isa = PBXGroup;
			children = (
				E6FBB16823718C8400B1B4DE /* Donorhin.app */,
				E6FBB17F23718C8500B1B4DE /* DonorhinTests.xctest */,
				E6FBB18A23718C8500B1B4DE /* DonorhinUITests.xctest */,
			);
			name = Products;
			sourceTree = "<group>";
		};
		E6FBB16A23718C8400B1B4DE /* Donorhin */ = {
			isa = PBXGroup;
			children = (
				AB498ACA237E8A86006CDA7A /* Donorhin.entitlements */,
				E6FBB16B23718C8400B1B4DE /* AppDelegate.swift */,
				E6FBB17523718C8500B1B4DE /* Assets.xcassets */,
				E6FBB17223718C8400B1B4DE /* Donorhin.xcdatamodeld */,
				CC6540622381939F005BE635 /* Extensions */,
				098FD4712372C84600AF7EC7 /* CustomViews */,
				E6FBB1C1237198F500B1B4DE /* Utilities */,
				094B6EDB237ECA5400716862 /* Helper */,
				E6FBB19D23718CDD00B1B4DE /* Pages */,
				E6FBB17723718C8500B1B4DE /* LaunchScreen.storyboard */,
				E6FBB17A23718C8500B1B4DE /* Info.plist */,
			);
			path = Donorhin;
			sourceTree = "<group>";
		};
		E6FBB18223718C8500B1B4DE /* DonorhinTests */ = {
			isa = PBXGroup;
			children = (
				E6FBB18323718C8500B1B4DE /* DonorhinTests.swift */,
				E6FBB18523718C8500B1B4DE /* Info.plist */,
			);
			path = DonorhinTests;
			sourceTree = "<group>";
		};
		E6FBB18D23718C8500B1B4DE /* DonorhinUITests */ = {
			isa = PBXGroup;
			children = (
				E6FBB18E23718C8500B1B4DE /* DonorhinUITests.swift */,
				E6FBB19023718C8500B1B4DE /* Info.plist */,
			);
			path = DonorhinUITests;
			sourceTree = "<group>";
		};
		E6FBB19C23718CB300B1B4DE /* Authentication */ = {
			isa = PBXGroup;
			children = (
				B0B16883237D415E001DCE3C /* RegisterPage */,
				B0B1687E237D3A31001DCE3C /* Controller */,
				B0B1687D237D3A29001DCE3C /* View */,
				B0B1687C237D3A1C001DCE3C /* Model */,
			);
			path = Authentication;
			sourceTree = "<group>";
		};
		E6FBB19D23718CDD00B1B4DE /* Pages */ = {
			isa = PBXGroup;
			children = (
				E6FBB19E23718CE800B1B4DE /* RootTabBarController */,
				E6FBB19C23718CB300B1B4DE /* Authentication */,
				AB4BD9A8237599340016DDF1 /* Onboard */,
			);
			path = Pages;
			sourceTree = "<group>";
		};
		E6FBB19E23718CE800B1B4DE /* RootTabBarController */ = {
			isa = PBXGroup;
			children = (
				E6FBB19F23718D5500B1B4DE /* RootTabBarController.storyboard */,
				E6D07487237BE79200CF5531 /* AddEventPage */,
				AB3B8D2F2374034C008D7AB1 /* ProfilePage */,
				E6BA6E27237B1E080017A330 /* DiscoverPage */,
				E6FBB1A423718E1100B1B4DE /* DonatePage */,
				E6FBB1A323718DFC00B1B4DE /* FindPage */,
				B0B1686A237BE76D001DCE3C /* InformationPage */,
				E6DDAF342375631800D6EAD1 /* ScanFormPage */,
				E62918F6237EBBA800E8D559 /* FormPage */,
			);
			path = RootTabBarController;
			sourceTree = "<group>";
		};
		E6FBB1A323718DFC00B1B4DE /* FindPage */ = {
			isa = PBXGroup;
			children = (
				E6AC8D38237B29DF00820100 /* Tracker */,
				E6FBB1BB2371943500B1B4DE /* Model */,
				E6FBB1BA2371942C00B1B4DE /* Controller */,
				E6FBB1BC2371943D00B1B4DE /* View */,
				E6FBB1A823718E7F00B1B4DE /* Find.storyboard */,
			);
			path = FindPage;
			sourceTree = "<group>";
		};
		E6FBB1A423718E1100B1B4DE /* DonatePage */ = {
			isa = PBXGroup;
			children = (
				E6FBB1AA23718EAB00B1B4DE /* Donate.storyboard */,
				0925FB39237403DF00874DAA /* Model */,
				0925FB3A237403F100874DAA /* View */,
				0925FB3B237403F700874DAA /* Controller */,
				CCAAE4DC237C1F7700BEFB44 /* RequestSteps */,
			);
			path = DonatePage;
			sourceTree = "<group>";
		};
		E6FBB1BA2371942C00B1B4DE /* Controller */ = {
			isa = PBXGroup;
			children = (
				E6FBB1B223718FF500B1B4DE /* FindController.swift */,
				E6FBB1BD2371947700B1B4DE /* FindController+UITableView.swift */,
				E6DDAF28237435B300D6EAD1 /* FindController+ScrollView.swift */,
				E629190C2380593D00E8D559 /* FindController+Delegate.swift */,
			);
			path = Controller;
			sourceTree = "<group>";
		};
		E6FBB1BB2371943500B1B4DE /* Model */ = {
			isa = PBXGroup;
			children = (
				E6FBB1BF237194FB00B1B4DE /* BloodRequest.swift */,
			);
			path = Model;
			sourceTree = "<group>";
		};
		E6FBB1BC2371943D00B1B4DE /* View */ = {
			isa = PBXGroup;
			children = (
				CC88A08323749D16001A982E /* FindBloodCustomCell.swift */,
				CC88A08123749D16001A982E /* FindBloodCustomCell.xib */,
			);
			path = View;
			sourceTree = "<group>";
		};
		E6FBB1C1237198F500B1B4DE /* Utilities */ = {
			isa = PBXGroup;
			children = (
				E6AC8D4A237B2A4100820100 /* FixImageOrientation.swift */,
				E62918EC237CFC0F00E8D559 /* CheckBox.swift */,
				E6FBB1C22371991D00B1B4DE /* Constants.swift */,
				E6DDAF2D237562EF00D6EAD1 /* StepIndicator */,
			);
			path = Utilities;
			sourceTree = "<group>";
		};
/* End PBXGroup section */

/* Begin PBXNativeTarget section */
		E6FBB16723718C8400B1B4DE /* Donorhin */ = {
			isa = PBXNativeTarget;
			buildConfigurationList = E6FBB19323718C8500B1B4DE /* Build configuration list for PBXNativeTarget "Donorhin" */;
			buildPhases = (
				E6FBB16423718C8400B1B4DE /* Sources */,
				E6FBB16523718C8400B1B4DE /* Frameworks */,
				E6FBB16623718C8400B1B4DE /* Resources */,
			);
			buildRules = (
			);
			dependencies = (
			);
			name = Donorhin;
			productName = Donorhin;
			productReference = E6FBB16823718C8400B1B4DE /* Donorhin.app */;
			productType = "com.apple.product-type.application";
		};
		E6FBB17E23718C8500B1B4DE /* DonorhinTests */ = {
			isa = PBXNativeTarget;
			buildConfigurationList = E6FBB19623718C8500B1B4DE /* Build configuration list for PBXNativeTarget "DonorhinTests" */;
			buildPhases = (
				E6FBB17B23718C8500B1B4DE /* Sources */,
				E6FBB17C23718C8500B1B4DE /* Frameworks */,
				E6FBB17D23718C8500B1B4DE /* Resources */,
			);
			buildRules = (
			);
			dependencies = (
				E6FBB18123718C8500B1B4DE /* PBXTargetDependency */,
			);
			name = DonorhinTests;
			productName = DonorhinTests;
			productReference = E6FBB17F23718C8500B1B4DE /* DonorhinTests.xctest */;
			productType = "com.apple.product-type.bundle.unit-test";
		};
		E6FBB18923718C8500B1B4DE /* DonorhinUITests */ = {
			isa = PBXNativeTarget;
			buildConfigurationList = E6FBB19923718C8500B1B4DE /* Build configuration list for PBXNativeTarget "DonorhinUITests" */;
			buildPhases = (
				E6FBB18623718C8500B1B4DE /* Sources */,
				E6FBB18723718C8500B1B4DE /* Frameworks */,
				E6FBB18823718C8500B1B4DE /* Resources */,
			);
			buildRules = (
			);
			dependencies = (
				E6FBB18C23718C8500B1B4DE /* PBXTargetDependency */,
			);
			name = DonorhinUITests;
			productName = DonorhinUITests;
			productReference = E6FBB18A23718C8500B1B4DE /* DonorhinUITests.xctest */;
			productType = "com.apple.product-type.bundle.ui-testing";
		};
/* End PBXNativeTarget section */

/* Begin PBXProject section */
		E6FBB16023718C8400B1B4DE /* Project object */ = {
			isa = PBXProject;
			attributes = {
				LastSwiftUpdateCheck = 1030;
				LastUpgradeCheck = 1030;
				ORGANIZATIONNAME = Donorhin;
				TargetAttributes = {
					E6FBB16723718C8400B1B4DE = {
						CreatedOnToolsVersion = 10.3;
					};
					E6FBB17E23718C8500B1B4DE = {
						CreatedOnToolsVersion = 10.3;
						TestTargetID = E6FBB16723718C8400B1B4DE;
					};
					E6FBB18923718C8500B1B4DE = {
						CreatedOnToolsVersion = 10.3;
						TestTargetID = E6FBB16723718C8400B1B4DE;
					};
				};
			};
			buildConfigurationList = E6FBB16323718C8400B1B4DE /* Build configuration list for PBXProject "Donorhin" */;
			compatibilityVersion = "Xcode 9.3";
			developmentRegion = en;
			hasScannedForEncodings = 0;
			knownRegions = (
				en,
				Base,
			);
			mainGroup = E6FBB15F23718C8400B1B4DE;
			productRefGroup = E6FBB16923718C8400B1B4DE /* Products */;
			projectDirPath = "";
			projectRoot = "";
			targets = (
				E6FBB16723718C8400B1B4DE /* Donorhin */,
				E6FBB17E23718C8500B1B4DE /* DonorhinTests */,
				E6FBB18923718C8500B1B4DE /* DonorhinUITests */,
			);
		};
/* End PBXProject section */

/* Begin PBXResourcesBuildPhase section */
		E6FBB16623718C8400B1B4DE /* Resources */ = {
			isa = PBXResourcesBuildPhase;
			buildActionMask = 2147483647;
			files = (
				B0B168AE237ECEAC001DCE3C /* TwoButtonCell.xib in Resources */,
				B0B168B0237ECED0001DCE3C /* AgreementViewCell.xib in Resources */,
				CC6DF683237C2AFF00F99B5D /* RequestStepsPageViewController.swift in Resources */,
				B0B168AC237ECE83001DCE3C /* ButtonViewCell.xib in Resources */,
				E6FBB1A223718D8D00B1B4DE /* Authentication.storyboard in Resources */,
				B0B16890237D6025001DCE3C /* Register.storyboard in Resources */,
				B0B16880237D3A5F001DCE3C /* FormCustomCell.xib in Resources */,
				E6AC8D49237B29DF00820100 /* Tracker.storyboard in Resources */,
				E6FBB1A923718E7F00B1B4DE /* Find.storyboard in Resources */,
				CC88A08623749D16001A982E /* FindBloodCustomCell.xib in Resources */,
				E6FBB17923718C8500B1B4DE /* LaunchScreen.storyboard in Resources */,
				E6BA6E44237B1E4F0017A330 /* Discover.storyboard in Resources */,
				CCAAE4EB237C1FF700BEFB44 /* RequestStepsPageViewController.storyboard in Resources */,
				E6FBB17623718C8500B1B4DE /* Assets.xcassets in Resources */,
				E6DDAF382375638E00D6EAD1 /* ScanFormPage.storyboard in Resources */,
				E6FBB1A023718D5500B1B4DE /* RootTabBarController.storyboard in Resources */,
				E62918FA237EBBDE00E8D559 /* Form.storyboard in Resources */,
				AB73579A2374316900A6099B /* Profile.storyboard in Resources */,
				AB1CD2D4237C198300CB3C56 /* Onboarding.storyboard in Resources */,
				E6D0748F237BEAE400CF5531 /* AddEvent.storyboard in Resources */,
				E6AC8D48237B29DF00820100 /* TrackerDonorTableViewCell.xib in Resources */,
				B0B16875237BEA7C001DCE3C /* InformationCustomCell.xib in Resources */,
				B0B1686F237BE7E5001DCE3C /* Information.storyboard in Resources */,
				0925FB4123740E1C00874DAA /* DonateTableViewCell.xib in Resources */,
				B0B168A2237D6630001DCE3C /* RegisterDetail.storyboard in Resources */,
				E6FBB1AB23718EAB00B1B4DE /* Donate.storyboard in Resources */,
			);
			runOnlyForDeploymentPostprocessing = 0;
		};
		E6FBB17D23718C8500B1B4DE /* Resources */ = {
			isa = PBXResourcesBuildPhase;
			buildActionMask = 2147483647;
			files = (
			);
			runOnlyForDeploymentPostprocessing = 0;
		};
		E6FBB18823718C8500B1B4DE /* Resources */ = {
			isa = PBXResourcesBuildPhase;
			buildActionMask = 2147483647;
			files = (
			);
			runOnlyForDeploymentPostprocessing = 0;
		};
/* End PBXResourcesBuildPhase section */

/* Begin PBXSourcesBuildPhase section */
		E6FBB16423718C8400B1B4DE /* Sources */ = {
			isa = PBXSourcesBuildPhase;
			buildActionMask = 2147483647;
			files = (
				E62918FE237EC54500E8D559 /* LabelAndTextCell.swift in Sources */,
				E6AC8D45237B29DF00820100 /* TrackerController + TrackerCellDelegate.swift in Sources */,
				E6BA6E3F237B1E080017A330 /* InfoTableViewCell.swift in Sources */,
				E6FBB1B123718FDF00B1B4DE /* DonateController.swift in Sources */,
				B0B1687B237BF250001DCE3C /* InfoItem.swift in Sources */,
				E6BA6E40237B1E080017A330 /* AddEventCollectionViewCell.swift in Sources */,
				B0B16896237D636E001DCE3C /* RegisterController+CellDelegate.swift in Sources */,
				CC88A08823749D16001A982E /* FindBloodCustomCell.swift in Sources */,
				CCBEC20323829CBB004AC408 /* Helper + DatabaseModel.swift in Sources */,
				CCAAE502237C205900BEFB44 /* ThirdStepRequestViewController.swift in Sources */,
				E6BA6E39237B1E080017A330 /* EventTableViewCell+UICollectionView.swift in Sources */,
				098FD4772372C95900AF7EC7 /* CustomViewRounded.swift in Sources */,
				B0B16882237D3E61001DCE3C /* FormTableViewCell.swift in Sources */,
				AB7357962374313500A6099B /* FirstCell.swift in Sources */,
				AB498AC5237D73E7006CDA7A /* Page2OnboardViewController.swift in Sources */,
				B0FF322923829B580001C0F5 /* TwoButtonTableViewCell.swift in Sources */,
				B0B1689A237D65B8001DCE3C /* RegisterDetailController+UITableView.swift in Sources */,
				E62918FC237EBBF600E8D559 /* FormController.swift in Sources */,
				E6FBB17423718C8400B1B4DE /* Donorhin.xcdatamodeld in Sources */,
				0925FB4023740E1C00874DAA /* DonateTableViewCell.swift in Sources */,
				E6DDAF312375630800D6EAD1 /* LineLayer.swift in Sources */,
				CCBEC2052382DE18004AC408 /* CKRecord + Converter.swift in Sources */,
				E6AC8D43237B29DF00820100 /* TrackerController+UITableView.swift in Sources */,
				094B6EDD238044D300716862 /* Steps.swift in Sources */,
				E6FBB16C23718C8400B1B4DE /* AppDelegate.swift in Sources */,
				E62918EB237C6A2800E8D559 /* CheckboxAgreementCell.swift in Sources */,
				AB7357972374313500A6099B /* SecondCell.swift in Sources */,
				B0B1688C237D487A001DCE3C /* FormItems.swift in Sources */,
				E6DDAF332375630800D6EAD1 /* StepIndicatorView.swift in Sources */,
				094B6EDA237EC7D300716862 /* Helper.swift in Sources */,
				E6BA6E3B237B1E080017A330 /* DiscoverController.swift in Sources */,
				CCAAE503237C205900BEFB44 /* FifthStepRequestViewController.swift in Sources */,
				AB7357982374313500A6099B /* ThirdCell.swift in Sources */,
				E6BA6E41237B1E080017A330 /* EventTableViewCell.swift in Sources */,
				E6AC8D46237B29DF00820100 /* TrackerDonor.swift in Sources */,
				B0FF322723829B230001C0F5 /* AgreementTableViewCell.swift in Sources */,
				CCAAE500237C205900BEFB44 /* RequestStepsPageViewController.swift in Sources */,
				E6BA6E3A237B1E080017A330 /* DiscoverController+UITableView.swift in Sources */,
				AB498AC3237D735F006CDA7A /* Page1OnboardViewController.swift in Sources */,
				AB498AC7237D743D006CDA7A /* Page3OnboardViewController.swift in Sources */,
				E6BA6E3C237B1E080017A330 /* EventModel.swift in Sources */,
				E62918EF237D2DAD00E8D559 /* PickPictureCell.swift in Sources */,
				E62918F1237E437E00E8D559 /* AddEventController+UITableView.swift in Sources */,
				E62918F5237E43F100E8D559 /* AddEventController+Delegate.swift in Sources */,
				AB7357862374309E00A6099B /* CustomSegmentedController.swift in Sources */,
				B0FF322B23829CC50001C0F5 /* UserModel.swift in Sources */,
				B0B16888237D44A8001DCE3C /* LoginController.swift in Sources */,
				E6DDAF2B237435B300D6EAD1 /* FindController+ScrollView.swift in Sources */,
				CC25B5192383DEE800C381D7 /* String + Converter.swift in Sources */,
				E6BA6E38237B1E080017A330 /* InfoTableViewCell+UITableView.swift in Sources */,
				E6D07494237C1E1000CF5531 /* TitleModelEvent.swift in Sources */,
				E6BA6E4C237B23040017A330 /* DonateStepsViewController.swift in Sources */,
				E629190D2380593D00E8D559 /* FindController+Delegate.swift in Sources */,
				CC6DF685237C2CB200F99B5D /* UTDDonorTableViewController.swift in Sources */,
				0925FB382373F13000874DAA /* CustomMainView.swift in Sources */,
				E6AC8D44237B29DF00820100 /* TrackerController.swift in Sources */,
				AB7357922374311400A6099B /* ProfileController.swift in Sources */,
				B0FF322523829ABA0001C0F5 /* ButtonTableViewCell.swift in Sources */,
				AB7357912374311400A6099B /* ProfileController+UITableView.swift in Sources */,
				E6291900237EC9E400E8D559 /* FormController+UITableView.swift in Sources */,
				E6FBB1C32371991D00B1B4DE /* Constants.swift in Sources */,
				E6BA6E3E237B1E080017A330 /* InfoInsideTableViewCell.swift in Sources */,
				E629190F23805E2500E8D559 /* FormController+UIPickerView.swift in Sources */,
				B0B16879237BEF7C001DCE3C /* InformationController+UITableView.swift in Sources */,
				B0B16871237BE840001DCE3C /* InformationController.swift in Sources */,
				E6BA6E4B237B23040017A330 /* PMIModel.swift in Sources */,
				E6D0747D237BCDCD00CF5531 /* DiscoverController+UIScrollView.swift in Sources */,
				AB73578E2374310600A6099B /* Profile.swift in Sources */,
				E6FBB1B323718FF500B1B4DE /* FindController.swift in Sources */,
				B0B16898237D658B001DCE3C /* RegisterDetailController.swift in Sources */,
				E6D07491237C05BA00CF5531 /* LabelAndTextFieldCell.swift in Sources */,
				098FD4752372C91E00AF7EC7 /* CustomButtonSubmitRounded.swift in Sources */,
				E62918ED237CFC0F00E8D559 /* CheckBox.swift in Sources */,
				CCAAE4FD237C205900BEFB44 /* FourthStepRequestViewController.swift in Sources */,
				E629190B2380414B00E8D559 /* LongLabelAndTextCell.swift in Sources */,
				CC922ED62381633400044B24 /* SecondStepRVC + Delegates.swift in Sources */,
				CC654064238193B8005BE635 /* UIDatePicker + Styling.swift in Sources */,
				09DC193A23754BCD004BEFB5 /* DonateModel.swift in Sources */,
				E6DDAF3A237563AC00D6EAD1 /* ScanFormController.swift in Sources */,
				E62918F3237E43C300E8D559 /* AddEventController+UIImagePickerDelegate.swift in Sources */,
				E6D0748B237BE7CB00CF5531 /* AddEventController.swift in Sources */,
				B0B16894237D62ED001DCE3C /* RegisterController+UITableView.swift in Sources */,
				E6291902237ED10800E8D559 /* LabelAndSwitchCell.swift in Sources */,
				CCAAE501237C205900BEFB44 /* SecondStepRequestViewController.swift in Sources */,
				E6FBB1C0237194FB00B1B4DE /* BloodRequest.swift in Sources */,
				AB498AC9237D74D2006CDA7A /* Page4OnboardViewController.swift in Sources */,
				E6BA6E42237B1E080017A330 /* EventListCollectionViewCell.swift in Sources */,
				E6AC8D4B237B2A4100820100 /* FixImageOrientation.swift in Sources */,
				E6AC8D47237B29DF00820100 /* TrackerDonorTableViewCell.swift in Sources */,
				B0B1688E237D4BF9001DCE3C /* LoginController+CellDelegate.swift in Sources */,
				E6FBB1BE2371947700B1B4DE /* FindController+UITableView.swift in Sources */,
				E6291907237FCCEC00E8D559 /* FormController+Delegate.swift in Sources */,
				B0B16877237BED39001DCE3C /* InformationTableViewCell.swift in Sources */,
				E6291905237F102000E8D559 /* FormQuestionNameModel.swift in Sources */,
				CCAAE4FF237C205900BEFB44 /* FirstStepRequestViewController.swift in Sources */,
				E6BA6E3D237B1E080017A330 /* InfoModel.swift in Sources */,
				B0B1688A237D473D001DCE3C /* LoginController+UITableView.swift in Sources */,
				B0B16892237D6049001DCE3C /* RegisterController.swift in Sources */,
				AB4BD9AC237599870016DDF1 /* OnboardingViewController.swift in Sources */,
				E6DDAF322375630800D6EAD1 /* AnnularLayer.swift in Sources */,
				B0B168A0237D660A001DCE3C /* RegisterDetailController+CellDelegate.swift in Sources */,
				CCAAE505237C206000BEFB44 /* RequestStepsRequestModel.swift in Sources */,
			);
			runOnlyForDeploymentPostprocessing = 0;
		};
		E6FBB17B23718C8500B1B4DE /* Sources */ = {
			isa = PBXSourcesBuildPhase;
			buildActionMask = 2147483647;
			files = (
				E6FBB18423718C8500B1B4DE /* DonorhinTests.swift in Sources */,
			);
			runOnlyForDeploymentPostprocessing = 0;
		};
		E6FBB18623718C8500B1B4DE /* Sources */ = {
			isa = PBXSourcesBuildPhase;
			buildActionMask = 2147483647;
			files = (
				E6FBB18F23718C8500B1B4DE /* DonorhinUITests.swift in Sources */,
			);
			runOnlyForDeploymentPostprocessing = 0;
		};
/* End PBXSourcesBuildPhase section */

/* Begin PBXTargetDependency section */
		E6FBB18123718C8500B1B4DE /* PBXTargetDependency */ = {
			isa = PBXTargetDependency;
			target = E6FBB16723718C8400B1B4DE /* Donorhin */;
			targetProxy = E6FBB18023718C8500B1B4DE /* PBXContainerItemProxy */;
		};
		E6FBB18C23718C8500B1B4DE /* PBXTargetDependency */ = {
			isa = PBXTargetDependency;
			target = E6FBB16723718C8400B1B4DE /* Donorhin */;
			targetProxy = E6FBB18B23718C8500B1B4DE /* PBXContainerItemProxy */;
		};
/* End PBXTargetDependency section */

/* Begin PBXVariantGroup section */
		E6FBB17723718C8500B1B4DE /* LaunchScreen.storyboard */ = {
			isa = PBXVariantGroup;
			children = (
				E6FBB17823718C8500B1B4DE /* Base */,
			);
			name = LaunchScreen.storyboard;
			sourceTree = "<group>";
		};
/* End PBXVariantGroup section */

/* Begin XCBuildConfiguration section */
		E6FBB19123718C8500B1B4DE /* Debug */ = {
			isa = XCBuildConfiguration;
			buildSettings = {
				ALWAYS_SEARCH_USER_PATHS = NO;
				CLANG_ANALYZER_NONNULL = YES;
				CLANG_ANALYZER_NUMBER_OBJECT_CONVERSION = YES_AGGRESSIVE;
				CLANG_CXX_LANGUAGE_STANDARD = "gnu++14";
				CLANG_CXX_LIBRARY = "libc++";
				CLANG_ENABLE_MODULES = YES;
				CLANG_ENABLE_OBJC_ARC = YES;
				CLANG_ENABLE_OBJC_WEAK = YES;
				CLANG_WARN_BLOCK_CAPTURE_AUTORELEASING = YES;
				CLANG_WARN_BOOL_CONVERSION = YES;
				CLANG_WARN_COMMA = YES;
				CLANG_WARN_CONSTANT_CONVERSION = YES;
				CLANG_WARN_DEPRECATED_OBJC_IMPLEMENTATIONS = YES;
				CLANG_WARN_DIRECT_OBJC_ISA_USAGE = YES_ERROR;
				CLANG_WARN_DOCUMENTATION_COMMENTS = YES;
				CLANG_WARN_EMPTY_BODY = YES;
				CLANG_WARN_ENUM_CONVERSION = YES;
				CLANG_WARN_INFINITE_RECURSION = YES;
				CLANG_WARN_INT_CONVERSION = YES;
				CLANG_WARN_NON_LITERAL_NULL_CONVERSION = YES;
				CLANG_WARN_OBJC_IMPLICIT_RETAIN_SELF = YES;
				CLANG_WARN_OBJC_LITERAL_CONVERSION = YES;
				CLANG_WARN_OBJC_ROOT_CLASS = YES_ERROR;
				CLANG_WARN_RANGE_LOOP_ANALYSIS = YES;
				CLANG_WARN_STRICT_PROTOTYPES = YES;
				CLANG_WARN_SUSPICIOUS_MOVE = YES;
				CLANG_WARN_UNGUARDED_AVAILABILITY = YES_AGGRESSIVE;
				CLANG_WARN_UNREACHABLE_CODE = YES;
				CLANG_WARN__DUPLICATE_METHOD_MATCH = YES;
				CODE_SIGN_IDENTITY = "iPhone Developer";
				COPY_PHASE_STRIP = NO;
				DEBUG_INFORMATION_FORMAT = dwarf;
				ENABLE_STRICT_OBJC_MSGSEND = YES;
				ENABLE_TESTABILITY = YES;
				GCC_C_LANGUAGE_STANDARD = gnu11;
				GCC_DYNAMIC_NO_PIC = NO;
				GCC_NO_COMMON_BLOCKS = YES;
				GCC_OPTIMIZATION_LEVEL = 0;
				GCC_PREPROCESSOR_DEFINITIONS = (
					"DEBUG=1",
					"$(inherited)",
				);
				GCC_WARN_64_TO_32_BIT_CONVERSION = YES;
				GCC_WARN_ABOUT_RETURN_TYPE = YES_ERROR;
				GCC_WARN_UNDECLARED_SELECTOR = YES;
				GCC_WARN_UNINITIALIZED_AUTOS = YES_AGGRESSIVE;
				GCC_WARN_UNUSED_FUNCTION = YES;
				GCC_WARN_UNUSED_VARIABLE = YES;
				IPHONEOS_DEPLOYMENT_TARGET = 12.4;
				MTL_ENABLE_DEBUG_INFO = INCLUDE_SOURCE;
				MTL_FAST_MATH = YES;
				ONLY_ACTIVE_ARCH = YES;
				SDKROOT = iphoneos;
				SWIFT_ACTIVE_COMPILATION_CONDITIONS = DEBUG;
				SWIFT_COMPILATION_MODE = singlefile;
				SWIFT_OPTIMIZATION_LEVEL = "-Onone";
				SWIFT_VERSION = "";
			};
			name = Debug;
		};
		E6FBB19223718C8500B1B4DE /* Release */ = {
			isa = XCBuildConfiguration;
			buildSettings = {
				ALWAYS_SEARCH_USER_PATHS = NO;
				CLANG_ANALYZER_NONNULL = YES;
				CLANG_ANALYZER_NUMBER_OBJECT_CONVERSION = YES_AGGRESSIVE;
				CLANG_CXX_LANGUAGE_STANDARD = "gnu++14";
				CLANG_CXX_LIBRARY = "libc++";
				CLANG_ENABLE_MODULES = YES;
				CLANG_ENABLE_OBJC_ARC = YES;
				CLANG_ENABLE_OBJC_WEAK = YES;
				CLANG_WARN_BLOCK_CAPTURE_AUTORELEASING = YES;
				CLANG_WARN_BOOL_CONVERSION = YES;
				CLANG_WARN_COMMA = YES;
				CLANG_WARN_CONSTANT_CONVERSION = YES;
				CLANG_WARN_DEPRECATED_OBJC_IMPLEMENTATIONS = YES;
				CLANG_WARN_DIRECT_OBJC_ISA_USAGE = YES_ERROR;
				CLANG_WARN_DOCUMENTATION_COMMENTS = YES;
				CLANG_WARN_EMPTY_BODY = YES;
				CLANG_WARN_ENUM_CONVERSION = YES;
				CLANG_WARN_INFINITE_RECURSION = YES;
				CLANG_WARN_INT_CONVERSION = YES;
				CLANG_WARN_NON_LITERAL_NULL_CONVERSION = YES;
				CLANG_WARN_OBJC_IMPLICIT_RETAIN_SELF = YES;
				CLANG_WARN_OBJC_LITERAL_CONVERSION = YES;
				CLANG_WARN_OBJC_ROOT_CLASS = YES_ERROR;
				CLANG_WARN_RANGE_LOOP_ANALYSIS = YES;
				CLANG_WARN_STRICT_PROTOTYPES = YES;
				CLANG_WARN_SUSPICIOUS_MOVE = YES;
				CLANG_WARN_UNGUARDED_AVAILABILITY = YES_AGGRESSIVE;
				CLANG_WARN_UNREACHABLE_CODE = YES;
				CLANG_WARN__DUPLICATE_METHOD_MATCH = YES;
				CODE_SIGN_IDENTITY = "iPhone Developer";
				COPY_PHASE_STRIP = NO;
				DEBUG_INFORMATION_FORMAT = "dwarf-with-dsym";
				ENABLE_NS_ASSERTIONS = NO;
				ENABLE_STRICT_OBJC_MSGSEND = YES;
				GCC_C_LANGUAGE_STANDARD = gnu11;
				GCC_NO_COMMON_BLOCKS = YES;
				GCC_WARN_64_TO_32_BIT_CONVERSION = YES;
				GCC_WARN_ABOUT_RETURN_TYPE = YES_ERROR;
				GCC_WARN_UNDECLARED_SELECTOR = YES;
				GCC_WARN_UNINITIALIZED_AUTOS = YES_AGGRESSIVE;
				GCC_WARN_UNUSED_FUNCTION = YES;
				GCC_WARN_UNUSED_VARIABLE = YES;
				IPHONEOS_DEPLOYMENT_TARGET = 12.4;
				MTL_ENABLE_DEBUG_INFO = NO;
				MTL_FAST_MATH = YES;
				SDKROOT = iphoneos;
				SWIFT_COMPILATION_MODE = wholemodule;
				SWIFT_OPTIMIZATION_LEVEL = "-O";
				SWIFT_VERSION = "";
				VALIDATE_PRODUCT = YES;
			};
			name = Release;
		};
		E6FBB19423718C8500B1B4DE /* Debug */ = {
			isa = XCBuildConfiguration;
			buildSettings = {
				ASSETCATALOG_COMPILER_APPICON_NAME = AppIcon;
				CODE_SIGN_ENTITLEMENTS = Donorhin/Donorhin.entitlements;
				CODE_SIGN_IDENTITY = "iPhone Developer";
				CODE_SIGN_STYLE = Automatic;
				DEVELOPMENT_TEAM = C5K4FW28Q2;
				INFOPLIST_FILE = Donorhin/Info.plist;
				IPHONEOS_DEPLOYMENT_TARGET = 11.0;
				LD_RUNPATH_SEARCH_PATHS = (
					"$(inherited)",
					"@executable_path/Frameworks",
				);
				PRODUCT_BUNDLE_IDENTIFIER = com.donorhin.Donorhin;
				PRODUCT_NAME = "$(TARGET_NAME)";
				PROVISIONING_PROFILE_SPECIFIER = "";
				SWIFT_VERSION = 5.0;
				TARGETED_DEVICE_FAMILY = "1,2";
			};
			name = Debug;
		};
		E6FBB19523718C8500B1B4DE /* Release */ = {
			isa = XCBuildConfiguration;
			buildSettings = {
				ASSETCATALOG_COMPILER_APPICON_NAME = AppIcon;
				CODE_SIGN_ENTITLEMENTS = Donorhin/Donorhin.entitlements;
				CODE_SIGN_IDENTITY = "iPhone Developer";
				CODE_SIGN_STYLE = Automatic;
				DEVELOPMENT_TEAM = 2NJYBE4CVL;
				INFOPLIST_FILE = Donorhin/Info.plist;
				IPHONEOS_DEPLOYMENT_TARGET = 11.0;
				LD_RUNPATH_SEARCH_PATHS = (
					"$(inherited)",
					"@executable_path/Frameworks",
				);
				PRODUCT_BUNDLE_IDENTIFIER = com.donorhin.Donorhin;
				PRODUCT_NAME = "$(TARGET_NAME)";
				PROVISIONING_PROFILE_SPECIFIER = "";
				SWIFT_VERSION = 5.0;
				TARGETED_DEVICE_FAMILY = "1,2";
			};
			name = Release;
		};
		E6FBB19723718C8500B1B4DE /* Debug */ = {
			isa = XCBuildConfiguration;
			buildSettings = {
				ALWAYS_EMBED_SWIFT_STANDARD_LIBRARIES = YES;
				BUNDLE_LOADER = "$(TEST_HOST)";
				CODE_SIGN_STYLE = Automatic;
				DEVELOPMENT_TEAM = 2NJYBE4CVL;
				INFOPLIST_FILE = DonorhinTests/Info.plist;
				LD_RUNPATH_SEARCH_PATHS = (
					"$(inherited)",
					"@executable_path/Frameworks",
					"@loader_path/Frameworks",
				);
				PRODUCT_BUNDLE_IDENTIFIER = com.donorhin.DonorhinTests;
				PRODUCT_NAME = "$(TARGET_NAME)";
				SWIFT_VERSION = 5.0;
				TARGETED_DEVICE_FAMILY = "1,2";
				TEST_HOST = "$(BUILT_PRODUCTS_DIR)/Donorhin.app/Donorhin";
			};
			name = Debug;
		};
		E6FBB19823718C8500B1B4DE /* Release */ = {
			isa = XCBuildConfiguration;
			buildSettings = {
				ALWAYS_EMBED_SWIFT_STANDARD_LIBRARIES = YES;
				BUNDLE_LOADER = "$(TEST_HOST)";
				CODE_SIGN_STYLE = Automatic;
				DEVELOPMENT_TEAM = 2NJYBE4CVL;
				INFOPLIST_FILE = DonorhinTests/Info.plist;
				LD_RUNPATH_SEARCH_PATHS = (
					"$(inherited)",
					"@executable_path/Frameworks",
					"@loader_path/Frameworks",
				);
				PRODUCT_BUNDLE_IDENTIFIER = com.donorhin.DonorhinTests;
				PRODUCT_NAME = "$(TARGET_NAME)";
				SWIFT_VERSION = 5.0;
				TARGETED_DEVICE_FAMILY = "1,2";
				TEST_HOST = "$(BUILT_PRODUCTS_DIR)/Donorhin.app/Donorhin";
			};
			name = Release;
		};
		E6FBB19A23718C8500B1B4DE /* Debug */ = {
			isa = XCBuildConfiguration;
			buildSettings = {
				ALWAYS_EMBED_SWIFT_STANDARD_LIBRARIES = YES;
				CODE_SIGN_STYLE = Automatic;
				DEVELOPMENT_TEAM = 2NJYBE4CVL;
				INFOPLIST_FILE = DonorhinUITests/Info.plist;
				LD_RUNPATH_SEARCH_PATHS = (
					"$(inherited)",
					"@executable_path/Frameworks",
					"@loader_path/Frameworks",
				);
				PRODUCT_BUNDLE_IDENTIFIER = com.donorhin.DonorhinUITests;
				PRODUCT_NAME = "$(TARGET_NAME)";
				SWIFT_VERSION = 5.0;
				TARGETED_DEVICE_FAMILY = "1,2";
				TEST_TARGET_NAME = Donorhin;
			};
			name = Debug;
		};
		E6FBB19B23718C8500B1B4DE /* Release */ = {
			isa = XCBuildConfiguration;
			buildSettings = {
				ALWAYS_EMBED_SWIFT_STANDARD_LIBRARIES = YES;
				CODE_SIGN_STYLE = Automatic;
				DEVELOPMENT_TEAM = 2NJYBE4CVL;
				INFOPLIST_FILE = DonorhinUITests/Info.plist;
				LD_RUNPATH_SEARCH_PATHS = (
					"$(inherited)",
					"@executable_path/Frameworks",
					"@loader_path/Frameworks",
				);
				PRODUCT_BUNDLE_IDENTIFIER = com.donorhin.DonorhinUITests;
				PRODUCT_NAME = "$(TARGET_NAME)";
				SWIFT_VERSION = 5.0;
				TARGETED_DEVICE_FAMILY = "1,2";
				TEST_TARGET_NAME = Donorhin;
			};
			name = Release;
		};
/* End XCBuildConfiguration section */

/* Begin XCConfigurationList section */
		E6FBB16323718C8400B1B4DE /* Build configuration list for PBXProject "Donorhin" */ = {
			isa = XCConfigurationList;
			buildConfigurations = (
				E6FBB19123718C8500B1B4DE /* Debug */,
				E6FBB19223718C8500B1B4DE /* Release */,
			);
			defaultConfigurationIsVisible = 0;
			defaultConfigurationName = Release;
		};
		E6FBB19323718C8500B1B4DE /* Build configuration list for PBXNativeTarget "Donorhin" */ = {
			isa = XCConfigurationList;
			buildConfigurations = (
				E6FBB19423718C8500B1B4DE /* Debug */,
				E6FBB19523718C8500B1B4DE /* Release */,
			);
			defaultConfigurationIsVisible = 0;
			defaultConfigurationName = Release;
		};
		E6FBB19623718C8500B1B4DE /* Build configuration list for PBXNativeTarget "DonorhinTests" */ = {
			isa = XCConfigurationList;
			buildConfigurations = (
				E6FBB19723718C8500B1B4DE /* Debug */,
				E6FBB19823718C8500B1B4DE /* Release */,
			);
			defaultConfigurationIsVisible = 0;
			defaultConfigurationName = Release;
		};
		E6FBB19923718C8500B1B4DE /* Build configuration list for PBXNativeTarget "DonorhinUITests" */ = {
			isa = XCConfigurationList;
			buildConfigurations = (
				E6FBB19A23718C8500B1B4DE /* Debug */,
				E6FBB19B23718C8500B1B4DE /* Release */,
			);
			defaultConfigurationIsVisible = 0;
			defaultConfigurationName = Release;
		};
/* End XCConfigurationList section */

/* Begin XCVersionGroup section */
		E6FBB17223718C8400B1B4DE /* Donorhin.xcdatamodeld */ = {
			isa = XCVersionGroup;
			children = (
				E6FBB17323718C8400B1B4DE /* Donorhin.xcdatamodel */,
			);
			currentVersion = E6FBB17323718C8400B1B4DE /* Donorhin.xcdatamodel */;
			path = Donorhin.xcdatamodeld;
			sourceTree = "<group>";
			versionGroupType = wrapper.xcdatamodel;
		};
/* End XCVersionGroup section */
	};
	rootObject = E6FBB16023718C8400B1B4DE /* Project object */;
}
